// !$*UTF8*$!
{
	archiveVersion = 1;
	classes = {
	};
	objectVersion = 51;
	objects = {

/* Begin PBXBuildFile section */
		2A68FEC2BE6D2F5C4F5FD3CA /* Pods_Instell_10.framework in Frameworks */ = {isa = PBXBuildFile; fileRef = 8EABF01E2786970E12EFE871 /* Pods_Instell_10.framework */; };
		F10B1A97255FCD3900DEBFE2 /* AppDelegate.swift in Sources */ = {isa = PBXBuildFile; fileRef = F10B1A96255FCD3900DEBFE2 /* AppDelegate.swift */; };
		F10B1A99255FCD3900DEBFE2 /* SceneDelegate.swift in Sources */ = {isa = PBXBuildFile; fileRef = F10B1A98255FCD3900DEBFE2 /* SceneDelegate.swift */; };
		F10B1A9B255FCD3900DEBFE2 /* InitialViewController.swift in Sources */ = {isa = PBXBuildFile; fileRef = F10B1A9A255FCD3900DEBFE2 /* InitialViewController.swift */; };
		F10B1A9E255FCD3900DEBFE2 /* Main.storyboard in Resources */ = {isa = PBXBuildFile; fileRef = F10B1A9C255FCD3900DEBFE2 /* Main.storyboard */; };
		F10B1AA0255FCD3C00DEBFE2 /* Assets.xcassets in Resources */ = {isa = PBXBuildFile; fileRef = F10B1A9F255FCD3C00DEBFE2 /* Assets.xcassets */; };
		F10B1AA3255FCD3C00DEBFE2 /* LaunchScreen.storyboard in Resources */ = {isa = PBXBuildFile; fileRef = F10B1AA1255FCD3C00DEBFE2 /* LaunchScreen.storyboard */; };
		F10B1AAC255FD75C00DEBFE2 /* DataStructure.swift in Sources */ = {isa = PBXBuildFile; fileRef = F10B1AAB255FD75C00DEBFE2 /* DataStructure.swift */; };
		F10B1AAF255FD95800DEBFE2 /* Data.swift in Sources */ = {isa = PBXBuildFile; fileRef = F10B1AAE255FD95800DEBFE2 /* Data.swift */; };
		F12CE9F4257558CF009226C0 /* Phase3_ver2.swift in Sources */ = {isa = PBXBuildFile; fileRef = F12CE9F3257558CF009226C0 /* Phase3_ver2.swift */; };
		F145C40C2575331A009271D9 /* Phase1.swift in Sources */ = {isa = PBXBuildFile; fileRef = F145C40B2575331A009271D9 /* Phase1.swift */; };
		F145C40F257536C6009271D9 /* Phase0.swift in Sources */ = {isa = PBXBuildFile; fileRef = F145C40E257536C6009271D9 /* Phase0.swift */; };
		F145C41225754461009271D9 /* Phase2.swift in Sources */ = {isa = PBXBuildFile; fileRef = F145C41125754461009271D9 /* Phase2.swift */; };
		F145C415257550A0009271D9 /* Phase3_ver1.swift in Sources */ = {isa = PBXBuildFile; fileRef = F145C414257550A0009271D9 /* Phase3_ver1.swift */; };
		F14C48D0255FDE37002A3468 /* SceneViewController.swift in Sources */ = {isa = PBXBuildFile; fileRef = F14C48CF255FDE37002A3468 /* SceneViewController.swift */; };
		F14C48D3255FDE43002A3468 /* ChoiceViewController.swift in Sources */ = {isa = PBXBuildFile; fileRef = F14C48D2255FDE43002A3468 /* ChoiceViewController.swift */; };
		F1A1F3A52577D4420024348F /* 2-1-0-8.gif in Resources */ = {isa = PBXBuildFile; fileRef = F1A1F3A42577D4420024348F /* 2-1-0-8.gif */; };
		F1A1F3A92577D4780024348F /* 2-1-0-13.gif in Resources */ = {isa = PBXBuildFile; fileRef = F1A1F3A82577D4780024348F /* 2-1-0-13.gif */; };
		F1A1F3B42577EA4E0024348F /* 2-3-0-16.gif in Resources */ = {isa = PBXBuildFile; fileRef = F1A1F3AB2577EA430024348F /* 2-3-0-16.gif */; };
		F1A1F3B52577EA4E0024348F /* 2-1-0-14.gif in Resources */ = {isa = PBXBuildFile; fileRef = F1A1F3AC2577EA440024348F /* 2-1-0-14.gif */; };
		F1A1F3B62577EA4E0024348F /* 2-4-2-13.gif in Resources */ = {isa = PBXBuildFile; fileRef = F1A1F3AD2577EA460024348F /* 2-4-2-13.gif */; };
		F1A1F3B72577EA4E0024348F /* 2-4-2-11.gif in Resources */ = {isa = PBXBuildFile; fileRef = F1A1F3AE2577EA470024348F /* 2-4-2-11.gif */; };
		F1A1F3B82577EA4E0024348F /* 2-4-1-2.gif in Resources */ = {isa = PBXBuildFile; fileRef = F1A1F3AF2577EA480024348F /* 2-4-1-2.gif */; };
		F1A1F3B92577EA4E0024348F /* 2-3-0-1.gif in Resources */ = {isa = PBXBuildFile; fileRef = F1A1F3B02577EA4A0024348F /* 2-3-0-1.gif */; };
		F1A1F3BA2577EA4E0024348F /* 2-2-0-1.gif in Resources */ = {isa = PBXBuildFile; fileRef = F1A1F3B12577EA4B0024348F /* 2-2-0-1.gif */; };
		F1A1F3BB2577EA4E0024348F /* 2-4-2-9.gif in Resources */ = {isa = PBXBuildFile; fileRef = F1A1F3B22577EA4C0024348F /* 2-4-2-9.gif */; };
		F1A1F3BC2577EA4E0024348F /* 2-3-0-3.gif in Resources */ = {isa = PBXBuildFile; fileRef = F1A1F3B32577EA4E0024348F /* 2-3-0-3.gif */; };
		F1A1F3C12577EC050024348F /* 0-32-B.gif in Resources */ = {isa = PBXBuildFile; fileRef = F1A1F3BE2577EC030024348F /* 0-32-B.gif */; };
		F1A1F3C22577EC050024348F /* 0-1.gif in Resources */ = {isa = PBXBuildFile; fileRef = F1A1F3BF2577EC040024348F /* 0-1.gif */; };
		F1A1F3C32577EC050024348F /* 0-9.gif in Resources */ = {isa = PBXBuildFile; fileRef = F1A1F3C02577EC050024348F /* 0-9.gif */; };
		F1A1F3D82577EE620024348F /* 1-61-A.gif in Resources */ = {isa = PBXBuildFile; fileRef = F1A1F3C52577EE4E0024348F /* 1-61-A.gif */; };
		F1A1F3D92577EE620024348F /* 1-39-B.gif in Resources */ = {isa = PBXBuildFile; fileRef = F1A1F3C62577EE4F0024348F /* 1-39-B.gif */; };
		F1A1F3DA2577EE620024348F /* 1-39-A.gif in Resources */ = {isa = PBXBuildFile; fileRef = F1A1F3C72577EE500024348F /* 1-39-A.gif */; };
		F1A1F3DB2577EE620024348F /* 1-29.gif in Resources */ = {isa = PBXBuildFile; fileRef = F1A1F3C82577EE510024348F /* 1-29.gif */; };
		F1A1F3DC2577EE620024348F /* 1-24.gif in Resources */ = {isa = PBXBuildFile; fileRef = F1A1F3C92577EE520024348F /* 1-24.gif */; };
		F1A1F3DD2577EE620024348F /* 1-30.gif in Resources */ = {isa = PBXBuildFile; fileRef = F1A1F3CA2577EE530024348F /* 1-30.gif */; };
		F1A1F3DE2577EE620024348F /* 1-5.gif in Resources */ = {isa = PBXBuildFile; fileRef = F1A1F3CB2577EE540024348F /* 1-5.gif */; };
		F1A1F3DF2577EE620024348F /* 1-23.gif in Resources */ = {isa = PBXBuildFile; fileRef = F1A1F3CC2577EE550024348F /* 1-23.gif */; };
		F1A1F3E02577EE620024348F /* 1-10.gif in Resources */ = {isa = PBXBuildFile; fileRef = F1A1F3CD2577EE560024348F /* 1-10.gif */; };
		F1A1F3E12577EE620024348F /* 1-14.gif in Resources */ = {isa = PBXBuildFile; fileRef = F1A1F3CE2577EE570024348F /* 1-14.gif */; };
		F1A1F3E22577EE620024348F /* 1-17.gif in Resources */ = {isa = PBXBuildFile; fileRef = F1A1F3CF2577EE580024348F /* 1-17.gif */; };
		F1A1F3E32577EE620024348F /* 1-8.gif in Resources */ = {isa = PBXBuildFile; fileRef = F1A1F3D02577EE5A0024348F /* 1-8.gif */; };
		F1A1F3E42577EE620024348F /* 1-4.gif in Resources */ = {isa = PBXBuildFile; fileRef = F1A1F3D12577EE5B0024348F /* 1-4.gif */; };
		F1A1F3E52577EE620024348F /* 1-19.gif in Resources */ = {isa = PBXBuildFile; fileRef = F1A1F3D22577EE5C0024348F /* 1-19.gif */; };
		F1A1F3E62577EE620024348F /* 1-33.gif in Resources */ = {isa = PBXBuildFile; fileRef = F1A1F3D32577EE5D0024348F /* 1-33.gif */; };
		F1A1F3E72577EE620024348F /* 1-41-A.gif in Resources */ = {isa = PBXBuildFile; fileRef = F1A1F3D42577EE5E0024348F /* 1-41-A.gif */; };
		F1A1F3E82577EE620024348F /* 1-41-B.gif in Resources */ = {isa = PBXBuildFile; fileRef = F1A1F3D52577EE5F0024348F /* 1-41-B.gif */; };
		F1A1F3E92577EE620024348F /* 1-58-A.gif in Resources */ = {isa = PBXBuildFile; fileRef = F1A1F3D62577EE610024348F /* 1-58-A.gif */; };
		F1A1F3EA2577EE620024348F /* 1-16.gif in Resources */ = {isa = PBXBuildFile; fileRef = F1A1F3D72577EE620024348F /* 1-16.gif */; };
		F1A1F3F22577EFE20024348F /* ver2_3-1-1.gif in Resources */ = {isa = PBXBuildFile; fileRef = F1A1F3EE2577EFDF0024348F /* ver2_3-1-1.gif */; };
		F1A1F3F32577EFE20024348F /* ver2_3-3-1.gif in Resources */ = {isa = PBXBuildFile; fileRef = F1A1F3EF2577EFE00024348F /* ver2_3-3-1.gif */; };
		F1A1F3F42577EFE20024348F /* ver2_3-1-2.gif in Resources */ = {isa = PBXBuildFile; fileRef = F1A1F3F02577EFE10024348F /* ver2_3-1-2.gif */; };
		F1A1F3F52577EFE20024348F /* ver2_3-3-6.gif in Resources */ = {isa = PBXBuildFile; fileRef = F1A1F3F12577EFE20024348F /* ver2_3-3-6.gif */; };
		F1A1F3FC2577EFED0024348F /* ver1_3-5-1.gif in Resources */ = {isa = PBXBuildFile; fileRef = F1A1F3F72577EFEA0024348F /* ver1_3-5-1.gif */; };
		F1A1F3FD2577EFED0024348F /* ver1_3-1-1.gif in Resources */ = {isa = PBXBuildFile; fileRef = F1A1F3F82577EFEA0024348F /* ver1_3-1-1.gif */; };
		F1A1F3FE2577EFEE0024348F /* ver1_3-3-4.gif in Resources */ = {isa = PBXBuildFile; fileRef = F1A1F3F92577EFEB0024348F /* ver1_3-3-4.gif */; };
		F1A1F3FF2577EFEE0024348F /* ver1_3-1-2.gif in Resources */ = {isa = PBXBuildFile; fileRef = F1A1F3FA2577EFEC0024348F /* ver1_3-1-2.gif */; };
		F1A1F4002577EFEE0024348F /* ver1_3-6-1.gif in Resources */ = {isa = PBXBuildFile; fileRef = F1A1F3FB2577EFED0024348F /* ver1_3-6-1.gif */; };
		F1BD1C7D2577D16500E89B61 /* 2-1-0-1.gif in Resources */ = {isa = PBXBuildFile; fileRef = F1BD1C7C2577D16500E89B61 /* 2-1-0-1.gif */; };
		F1E6787D257964F600CA6C00 /* ToolTip.swift in Sources */ = {isa = PBXBuildFile; fileRef = F1E6787C257964F600CA6C00 /* ToolTip.swift */; };
/* End PBXBuildFile section */

/* Begin PBXFileReference section */
		8EABF01E2786970E12EFE871 /* Pods_Instell_10.framework */ = {isa = PBXFileReference; explicitFileType = wrapper.framework; includeInIndex = 0; path = Pods_Instell_10.framework; sourceTree = BUILT_PRODUCTS_DIR; };
		D02EB82E7CC8E41109814F3F /* Pods-Instell 10.release.xcconfig */ = {isa = PBXFileReference; includeInIndex = 1; lastKnownFileType = text.xcconfig; name = "Pods-Instell 10.release.xcconfig"; path = "Target Support Files/Pods-Instell 10/Pods-Instell 10.release.xcconfig"; sourceTree = "<group>"; };
		D45CE77D3C1CE8EBBA73FE3B /* Pods-Instell 10.debug.xcconfig */ = {isa = PBXFileReference; includeInIndex = 1; lastKnownFileType = text.xcconfig; name = "Pods-Instell 10.debug.xcconfig"; path = "Target Support Files/Pods-Instell 10/Pods-Instell 10.debug.xcconfig"; sourceTree = "<group>"; };
		F10B1A93255FCD3900DEBFE2 /* Instell 10.app */ = {isa = PBXFileReference; explicitFileType = wrapper.application; includeInIndex = 0; path = "Instell 10.app"; sourceTree = BUILT_PRODUCTS_DIR; };
		F10B1A96255FCD3900DEBFE2 /* AppDelegate.swift */ = {isa = PBXFileReference; lastKnownFileType = sourcecode.swift; path = AppDelegate.swift; sourceTree = "<group>"; };
		F10B1A98255FCD3900DEBFE2 /* SceneDelegate.swift */ = {isa = PBXFileReference; lastKnownFileType = sourcecode.swift; path = SceneDelegate.swift; sourceTree = "<group>"; };
		F10B1A9A255FCD3900DEBFE2 /* InitialViewController.swift */ = {isa = PBXFileReference; lastKnownFileType = sourcecode.swift; path = InitialViewController.swift; sourceTree = "<group>"; };
		F10B1A9D255FCD3900DEBFE2 /* Base */ = {isa = PBXFileReference; lastKnownFileType = file.storyboard; name = Base; path = Base.lproj/Main.storyboard; sourceTree = "<group>"; };
		F10B1A9F255FCD3C00DEBFE2 /* Assets.xcassets */ = {isa = PBXFileReference; lastKnownFileType = folder.assetcatalog; path = Assets.xcassets; sourceTree = "<group>"; };
		F10B1AA2255FCD3C00DEBFE2 /* Base */ = {isa = PBXFileReference; lastKnownFileType = file.storyboard; name = Base; path = Base.lproj/LaunchScreen.storyboard; sourceTree = "<group>"; };
		F10B1AA4255FCD3C00DEBFE2 /* Info.plist */ = {isa = PBXFileReference; lastKnownFileType = text.plist.xml; path = Info.plist; sourceTree = "<group>"; };
		F10B1AAB255FD75C00DEBFE2 /* DataStructure.swift */ = {isa = PBXFileReference; lastKnownFileType = sourcecode.swift; path = DataStructure.swift; sourceTree = "<group>"; };
		F10B1AAE255FD95800DEBFE2 /* Data.swift */ = {isa = PBXFileReference; lastKnownFileType = sourcecode.swift; path = Data.swift; sourceTree = "<group>"; };
		F12CE9F3257558CF009226C0 /* Phase3_ver2.swift */ = {isa = PBXFileReference; lastKnownFileType = sourcecode.swift; path = Phase3_ver2.swift; sourceTree = "<group>"; };
		F145C40B2575331A009271D9 /* Phase1.swift */ = {isa = PBXFileReference; lastKnownFileType = sourcecode.swift; path = Phase1.swift; sourceTree = "<group>"; };
		F145C40E257536C6009271D9 /* Phase0.swift */ = {isa = PBXFileReference; lastKnownFileType = sourcecode.swift; path = Phase0.swift; sourceTree = "<group>"; };
		F145C41125754461009271D9 /* Phase2.swift */ = {isa = PBXFileReference; lastKnownFileType = sourcecode.swift; path = Phase2.swift; sourceTree = "<group>"; };
		F145C414257550A0009271D9 /* Phase3_ver1.swift */ = {isa = PBXFileReference; lastKnownFileType = sourcecode.swift; path = Phase3_ver1.swift; sourceTree = "<group>"; };
		F14C48CF255FDE37002A3468 /* SceneViewController.swift */ = {isa = PBXFileReference; lastKnownFileType = sourcecode.swift; path = SceneViewController.swift; sourceTree = "<group>"; };
		F14C48D2255FDE43002A3468 /* ChoiceViewController.swift */ = {isa = PBXFileReference; lastKnownFileType = sourcecode.swift; path = ChoiceViewController.swift; sourceTree = "<group>"; };
		F1A1F3A42577D4420024348F /* 2-1-0-8.gif */ = {isa = PBXFileReference; lastKnownFileType = image.gif; path = "2-1-0-8.gif"; sourceTree = "<group>"; };
		F1A1F3A82577D4780024348F /* 2-1-0-13.gif */ = {isa = PBXFileReference; lastKnownFileType = image.gif; path = "2-1-0-13.gif"; sourceTree = "<group>"; };
		F1A1F3AB2577EA430024348F /* 2-3-0-16.gif */ = {isa = PBXFileReference; lastKnownFileType = image.gif; path = "2-3-0-16.gif"; sourceTree = "<group>"; };
		F1A1F3AC2577EA440024348F /* 2-1-0-14.gif */ = {isa = PBXFileReference; lastKnownFileType = image.gif; path = "2-1-0-14.gif"; sourceTree = "<group>"; };
		F1A1F3AD2577EA460024348F /* 2-4-2-13.gif */ = {isa = PBXFileReference; lastKnownFileType = image.gif; path = "2-4-2-13.gif"; sourceTree = "<group>"; };
		F1A1F3AE2577EA470024348F /* 2-4-2-11.gif */ = {isa = PBXFileReference; lastKnownFileType = image.gif; path = "2-4-2-11.gif"; sourceTree = "<group>"; };
		F1A1F3AF2577EA480024348F /* 2-4-1-2.gif */ = {isa = PBXFileReference; lastKnownFileType = image.gif; path = "2-4-1-2.gif"; sourceTree = "<group>"; };
		F1A1F3B02577EA4A0024348F /* 2-3-0-1.gif */ = {isa = PBXFileReference; lastKnownFileType = image.gif; path = "2-3-0-1.gif"; sourceTree = "<group>"; };
		F1A1F3B12577EA4B0024348F /* 2-2-0-1.gif */ = {isa = PBXFileReference; lastKnownFileType = image.gif; path = "2-2-0-1.gif"; sourceTree = "<group>"; };
		F1A1F3B22577EA4C0024348F /* 2-4-2-9.gif */ = {isa = PBXFileReference; lastKnownFileType = image.gif; path = "2-4-2-9.gif"; sourceTree = "<group>"; };
		F1A1F3B32577EA4E0024348F /* 2-3-0-3.gif */ = {isa = PBXFileReference; lastKnownFileType = image.gif; path = "2-3-0-3.gif"; sourceTree = "<group>"; };
		F1A1F3BE2577EC030024348F /* 0-32-B.gif */ = {isa = PBXFileReference; lastKnownFileType = image.gif; path = "0-32-B.gif"; sourceTree = "<group>"; };
		F1A1F3BF2577EC040024348F /* 0-1.gif */ = {isa = PBXFileReference; lastKnownFileType = image.gif; path = "0-1.gif"; sourceTree = "<group>"; };
		F1A1F3C02577EC050024348F /* 0-9.gif */ = {isa = PBXFileReference; lastKnownFileType = image.gif; path = "0-9.gif"; sourceTree = "<group>"; };
		F1A1F3C52577EE4E0024348F /* 1-61-A.gif */ = {isa = PBXFileReference; lastKnownFileType = image.gif; path = "1-61-A.gif"; sourceTree = "<group>"; };
		F1A1F3C62577EE4F0024348F /* 1-39-B.gif */ = {isa = PBXFileReference; lastKnownFileType = image.gif; path = "1-39-B.gif"; sourceTree = "<group>"; };
		F1A1F3C72577EE500024348F /* 1-39-A.gif */ = {isa = PBXFileReference; lastKnownFileType = image.gif; path = "1-39-A.gif"; sourceTree = "<group>"; };
		F1A1F3C82577EE510024348F /* 1-29.gif */ = {isa = PBXFileReference; lastKnownFileType = image.gif; path = "1-29.gif"; sourceTree = "<group>"; };
		F1A1F3C92577EE520024348F /* 1-24.gif */ = {isa = PBXFileReference; lastKnownFileType = image.gif; path = "1-24.gif"; sourceTree = "<group>"; };
		F1A1F3CA2577EE530024348F /* 1-30.gif */ = {isa = PBXFileReference; lastKnownFileType = image.gif; path = "1-30.gif"; sourceTree = "<group>"; };
		F1A1F3CB2577EE540024348F /* 1-5.gif */ = {isa = PBXFileReference; lastKnownFileType = image.gif; path = "1-5.gif"; sourceTree = "<group>"; };
		F1A1F3CC2577EE550024348F /* 1-23.gif */ = {isa = PBXFileReference; lastKnownFileType = image.gif; path = "1-23.gif"; sourceTree = "<group>"; };
		F1A1F3CD2577EE560024348F /* 1-10.gif */ = {isa = PBXFileReference; lastKnownFileType = image.gif; path = "1-10.gif"; sourceTree = "<group>"; };
		F1A1F3CE2577EE570024348F /* 1-14.gif */ = {isa = PBXFileReference; lastKnownFileType = image.gif; path = "1-14.gif"; sourceTree = "<group>"; };
		F1A1F3CF2577EE580024348F /* 1-17.gif */ = {isa = PBXFileReference; lastKnownFileType = image.gif; path = "1-17.gif"; sourceTree = "<group>"; };
		F1A1F3D02577EE5A0024348F /* 1-8.gif */ = {isa = PBXFileReference; lastKnownFileType = image.gif; path = "1-8.gif"; sourceTree = "<group>"; };
		F1A1F3D12577EE5B0024348F /* 1-4.gif */ = {isa = PBXFileReference; lastKnownFileType = image.gif; path = "1-4.gif"; sourceTree = "<group>"; };
		F1A1F3D22577EE5C0024348F /* 1-19.gif */ = {isa = PBXFileReference; lastKnownFileType = image.gif; path = "1-19.gif"; sourceTree = "<group>"; };
		F1A1F3D32577EE5D0024348F /* 1-33.gif */ = {isa = PBXFileReference; lastKnownFileType = image.gif; path = "1-33.gif"; sourceTree = "<group>"; };
		F1A1F3D42577EE5E0024348F /* 1-41-A.gif */ = {isa = PBXFileReference; lastKnownFileType = image.gif; path = "1-41-A.gif"; sourceTree = "<group>"; };
		F1A1F3D52577EE5F0024348F /* 1-41-B.gif */ = {isa = PBXFileReference; lastKnownFileType = image.gif; path = "1-41-B.gif"; sourceTree = "<group>"; };
		F1A1F3D62577EE610024348F /* 1-58-A.gif */ = {isa = PBXFileReference; lastKnownFileType = image.gif; path = "1-58-A.gif"; sourceTree = "<group>"; };
		F1A1F3D72577EE620024348F /* 1-16.gif */ = {isa = PBXFileReference; lastKnownFileType = image.gif; path = "1-16.gif"; sourceTree = "<group>"; };
		F1A1F3EE2577EFDF0024348F /* ver2_3-1-1.gif */ = {isa = PBXFileReference; lastKnownFileType = image.gif; path = "ver2_3-1-1.gif"; sourceTree = "<group>"; };
		F1A1F3EF2577EFE00024348F /* ver2_3-3-1.gif */ = {isa = PBXFileReference; lastKnownFileType = image.gif; path = "ver2_3-3-1.gif"; sourceTree = "<group>"; };
		F1A1F3F02577EFE10024348F /* ver2_3-1-2.gif */ = {isa = PBXFileReference; lastKnownFileType = image.gif; path = "ver2_3-1-2.gif"; sourceTree = "<group>"; };
		F1A1F3F12577EFE20024348F /* ver2_3-3-6.gif */ = {isa = PBXFileReference; lastKnownFileType = image.gif; path = "ver2_3-3-6.gif"; sourceTree = "<group>"; };
		F1A1F3F72577EFEA0024348F /* ver1_3-5-1.gif */ = {isa = PBXFileReference; lastKnownFileType = image.gif; path = "ver1_3-5-1.gif"; sourceTree = "<group>"; };
		F1A1F3F82577EFEA0024348F /* ver1_3-1-1.gif */ = {isa = PBXFileReference; lastKnownFileType = image.gif; path = "ver1_3-1-1.gif"; sourceTree = "<group>"; };
		F1A1F3F92577EFEB0024348F /* ver1_3-3-4.gif */ = {isa = PBXFileReference; lastKnownFileType = image.gif; path = "ver1_3-3-4.gif"; sourceTree = "<group>"; };
		F1A1F3FA2577EFEC0024348F /* ver1_3-1-2.gif */ = {isa = PBXFileReference; lastKnownFileType = image.gif; path = "ver1_3-1-2.gif"; sourceTree = "<group>"; };
		F1A1F3FB2577EFED0024348F /* ver1_3-6-1.gif */ = {isa = PBXFileReference; lastKnownFileType = image.gif; path = "ver1_3-6-1.gif"; sourceTree = "<group>"; };
		F1BD1C7C2577D16500E89B61 /* 2-1-0-1.gif */ = {isa = PBXFileReference; lastKnownFileType = image.gif; path = "2-1-0-1.gif"; sourceTree = "<group>"; };
		F1E6787C257964F600CA6C00 /* ToolTip.swift */ = {isa = PBXFileReference; lastKnownFileType = sourcecode.swift; path = ToolTip.swift; sourceTree = "<group>"; };
/* End PBXFileReference section */

/* Begin PBXFrameworksBuildPhase section */
		F10B1A90255FCD3900DEBFE2 /* Frameworks */ = {
			isa = PBXFrameworksBuildPhase;
			buildActionMask = 2147483647;
			files = (
				2A68FEC2BE6D2F5C4F5FD3CA /* Pods_Instell_10.framework in Frameworks */,
			);
			runOnlyForDeploymentPostprocessing = 0;
		};
/* End PBXFrameworksBuildPhase section */

/* Begin PBXGroup section */
		3BABF8E7455A7C502A0F62CE /* Frameworks */ = {
			isa = PBXGroup;
			children = (
				8EABF01E2786970E12EFE871 /* Pods_Instell_10.framework */,
			);
			name = Frameworks;
			sourceTree = "<group>";
		};
		CC6D1117017A1F4F341C55F5 /* Pods */ = {
			isa = PBXGroup;
			children = (
				D45CE77D3C1CE8EBBA73FE3B /* Pods-Instell 10.debug.xcconfig */,
				D02EB82E7CC8E41109814F3F /* Pods-Instell 10.release.xcconfig */,
			);
			path = Pods;
			sourceTree = "<group>";
		};
		F10B1A8A255FCD3900DEBFE2 = {
			isa = PBXGroup;
			children = (
				F10B1A95255FCD3900DEBFE2 /* Instell 10 */,
				F10B1A94255FCD3900DEBFE2 /* Products */,
				CC6D1117017A1F4F341C55F5 /* Pods */,
				3BABF8E7455A7C502A0F62CE /* Frameworks */,
			);
			sourceTree = "<group>";
		};
		F10B1A94255FCD3900DEBFE2 /* Products */ = {
			isa = PBXGroup;
			children = (
				F10B1A93255FCD3900DEBFE2 /* Instell 10.app */,
			);
			name = Products;
			sourceTree = "<group>";
		};
		F10B1A95255FCD3900DEBFE2 /* Instell 10 */ = {
			isa = PBXGroup;
			children = (
				F10B1A96255FCD3900DEBFE2 /* AppDelegate.swift */,
				F10B1A98255FCD3900DEBFE2 /* SceneDelegate.swift */,
				F10B1A9A255FCD3900DEBFE2 /* InitialViewController.swift */,
				F14C48CF255FDE37002A3468 /* SceneViewController.swift */,
				F1E6787C257964F600CA6C00 /* ToolTip.swift */,
				F14C48D2255FDE43002A3468 /* ChoiceViewController.swift */,
				F10B1AAB255FD75C00DEBFE2 /* DataStructure.swift */,
				F10B1AAE255FD95800DEBFE2 /* Data.swift */,
				F145C40B2575331A009271D9 /* Phase1.swift */,
				F145C40E257536C6009271D9 /* Phase0.swift */,
				F145C41125754461009271D9 /* Phase2.swift */,
				F145C414257550A0009271D9 /* Phase3_ver1.swift */,
				F12CE9F3257558CF009226C0 /* Phase3_ver2.swift */,
				F1BD1C782577D0B300E89B61 /* gif */,
				F10B1A9C255FCD3900DEBFE2 /* Main.storyboard */,
				F10B1A9F255FCD3C00DEBFE2 /* Assets.xcassets */,
				F10B1AA1255FCD3C00DEBFE2 /* LaunchScreen.storyboard */,
				F10B1AA4255FCD3C00DEBFE2 /* Info.plist */,
			);
			path = "Instell 10";
			sourceTree = "<group>";
		};
		F1A1F3EC2577EE700024348F /* phase 3_ver1 */ = {
			isa = PBXGroup;
			children = (
				F1A1F3F82577EFEA0024348F /* ver1_3-1-1.gif */,
				F1A1F3FA2577EFEC0024348F /* ver1_3-1-2.gif */,
				F1A1F3F92577EFEB0024348F /* ver1_3-3-4.gif */,
				F1A1F3F72577EFEA0024348F /* ver1_3-5-1.gif */,
				F1A1F3FB2577EFED0024348F /* ver1_3-6-1.gif */,
			);
			path = "phase 3_ver1";
			sourceTree = "<group>";
		};
		F1A1F3ED2577EE760024348F /* phase 3_ver2 */ = {
			isa = PBXGroup;
			children = (
				F1A1F3EE2577EFDF0024348F /* ver2_3-1-1.gif */,
				F1A1F3F02577EFE10024348F /* ver2_3-1-2.gif */,
				F1A1F3EF2577EFE00024348F /* ver2_3-3-1.gif */,
				F1A1F3F12577EFE20024348F /* ver2_3-3-6.gif */,
			);
			path = "phase 3_ver2";
			sourceTree = "<group>";
		};
		F1BD1C782577D0B300E89B61 /* gif */ = {
			isa = PBXGroup;
			children = (
				F1A1F3ED2577EE760024348F /* phase 3_ver2 */,
				F1A1F3EC2577EE700024348F /* phase 3_ver1 */,
				F1BD1C7B2577D15900E89B61 /* phase 2 */,
				F1BD1C7A2577D0C100E89B61 /* phase 1 */,
				F1BD1C792577D0B900E89B61 /* phase 0 */,
			);
			path = gif;
			sourceTree = "<group>";
		};
		F1BD1C792577D0B900E89B61 /* phase 0 */ = {
			isa = PBXGroup;
			children = (
				F1A1F3BF2577EC040024348F /* 0-1.gif */,
				F1A1F3C02577EC050024348F /* 0-9.gif */,
				F1A1F3BE2577EC030024348F /* 0-32-B.gif */,
			);
			path = "phase 0";
			sourceTree = "<group>";
		};
		F1BD1C7A2577D0C100E89B61 /* phase 1 */ = {
			isa = PBXGroup;
			children = (
				F1A1F3D12577EE5B0024348F /* 1-4.gif */,
				F1A1F3CB2577EE540024348F /* 1-5.gif */,
				F1A1F3D02577EE5A0024348F /* 1-8.gif */,
				F1A1F3CD2577EE560024348F /* 1-10.gif */,
				F1A1F3CE2577EE570024348F /* 1-14.gif */,
				F1A1F3D72577EE620024348F /* 1-16.gif */,
				F1A1F3CF2577EE580024348F /* 1-17.gif */,
				F1A1F3D22577EE5C0024348F /* 1-19.gif */,
				F1A1F3CC2577EE550024348F /* 1-23.gif */,
				F1A1F3C92577EE520024348F /* 1-24.gif */,
				F1A1F3C82577EE510024348F /* 1-29.gif */,
				F1A1F3CA2577EE530024348F /* 1-30.gif */,
				F1A1F3D32577EE5D0024348F /* 1-33.gif */,
				F1A1F3C72577EE500024348F /* 1-39-A.gif */,
				F1A1F3C62577EE4F0024348F /* 1-39-B.gif */,
				F1A1F3D42577EE5E0024348F /* 1-41-A.gif */,
				F1A1F3D52577EE5F0024348F /* 1-41-B.gif */,
				F1A1F3D62577EE610024348F /* 1-58-A.gif */,
				F1A1F3C52577EE4E0024348F /* 1-61-A.gif */,
			);
			path = "phase 1";
			sourceTree = "<group>";
		};
		F1BD1C7B2577D15900E89B61 /* phase 2 */ = {
			isa = PBXGroup;
			children = (
				F1A1F3AC2577EA440024348F /* 2-1-0-14.gif */,
				F1A1F3B12577EA4B0024348F /* 2-2-0-1.gif */,
				F1A1F3B02577EA4A0024348F /* 2-3-0-1.gif */,
				F1A1F3B32577EA4E0024348F /* 2-3-0-3.gif */,
				F1A1F3AB2577EA430024348F /* 2-3-0-16.gif */,
				F1A1F3AF2577EA480024348F /* 2-4-1-2.gif */,
				F1A1F3B22577EA4C0024348F /* 2-4-2-9.gif */,
				F1A1F3AE2577EA470024348F /* 2-4-2-11.gif */,
				F1A1F3AD2577EA460024348F /* 2-4-2-13.gif */,
				F1A1F3A42577D4420024348F /* 2-1-0-8.gif */,
				F1A1F3A82577D4780024348F /* 2-1-0-13.gif */,
				F1BD1C7C2577D16500E89B61 /* 2-1-0-1.gif */,
			);
			path = "phase 2";
			sourceTree = "<group>";
		};
/* End PBXGroup section */

/* Begin PBXNativeTarget section */
		F10B1A92255FCD3900DEBFE2 /* Instell 10 */ = {
			isa = PBXNativeTarget;
			buildConfigurationList = F10B1AA7255FCD3C00DEBFE2 /* Build configuration list for PBXNativeTarget "Instell 10" */;
			buildPhases = (
				3D6F55742E726F36D48A58CD /* [CP] Check Pods Manifest.lock */,
				F10B1A8F255FCD3900DEBFE2 /* Sources */,
				F10B1A90255FCD3900DEBFE2 /* Frameworks */,
				F10B1A91255FCD3900DEBFE2 /* Resources */,
				19B217EE450B2B1D8605F759 /* [CP] Embed Pods Frameworks */,
			);
			buildRules = (
			);
			dependencies = (
			);
			name = "Instell 10";
			productName = "Instell 10";
			productReference = F10B1A93255FCD3900DEBFE2 /* Instell 10.app */;
			productType = "com.apple.product-type.application";
		};
/* End PBXNativeTarget section */

/* Begin PBXProject section */
		F10B1A8B255FCD3900DEBFE2 /* Project object */ = {
			isa = PBXProject;
			attributes = {
				LastSwiftUpdateCheck = 1220;
				LastUpgradeCheck = 1220;
				TargetAttributes = {
					F10B1A92255FCD3900DEBFE2 = {
						CreatedOnToolsVersion = 12.2;
					};
				};
			};
			buildConfigurationList = F10B1A8E255FCD3900DEBFE2 /* Build configuration list for PBXProject "Instell 10" */;
			compatibilityVersion = "Xcode 9.3";
			developmentRegion = en;
			hasScannedForEncodings = 0;
			knownRegions = (
				en,
				Base,
			);
			mainGroup = F10B1A8A255FCD3900DEBFE2;
			productRefGroup = F10B1A94255FCD3900DEBFE2 /* Products */;
			projectDirPath = "";
			projectRoot = "";
			targets = (
				F10B1A92255FCD3900DEBFE2 /* Instell 10 */,
			);
		};
/* End PBXProject section */

/* Begin PBXResourcesBuildPhase section */
		F10B1A91255FCD3900DEBFE2 /* Resources */ = {
			isa = PBXResourcesBuildPhase;
			buildActionMask = 2147483647;
			files = (
				F1A1F3FD2577EFED0024348F /* ver1_3-1-1.gif in Resources */,
				F10B1AA3255FCD3C00DEBFE2 /* LaunchScreen.storyboard in Resources */,
				F1A1F3E72577EE620024348F /* 1-41-A.gif in Resources */,
				F1A1F3FC2577EFED0024348F /* ver1_3-5-1.gif in Resources */,
				F1A1F3D82577EE620024348F /* 1-61-A.gif in Resources */,
				F1A1F4002577EFEE0024348F /* ver1_3-6-1.gif in Resources */,
				F1A1F3E62577EE620024348F /* 1-33.gif in Resources */,
				F1A1F3B82577EA4E0024348F /* 2-4-1-2.gif in Resources */,
				F1A1F3E12577EE620024348F /* 1-14.gif in Resources */,
				F1A1F3DA2577EE620024348F /* 1-39-A.gif in Resources */,
				F1A1F3A52577D4420024348F /* 2-1-0-8.gif in Resources */,
				F1A1F3DD2577EE620024348F /* 1-30.gif in Resources */,
				F1A1F3DB2577EE620024348F /* 1-29.gif in Resources */,
				F1A1F3B62577EA4E0024348F /* 2-4-2-13.gif in Resources */,
				F1A1F3E82577EE620024348F /* 1-41-B.gif in Resources */,
				F1A1F3A92577D4780024348F /* 2-1-0-13.gif in Resources */,
				F1A1F3FE2577EFEE0024348F /* ver1_3-3-4.gif in Resources */,
				F10B1AA0255FCD3C00DEBFE2 /* Assets.xcassets in Resources */,
				F1A1F3BA2577EA4E0024348F /* 2-2-0-1.gif in Resources */,
				F1BD1C7D2577D16500E89B61 /* 2-1-0-1.gif in Resources */,
				F1A1F3F42577EFE20024348F /* ver2_3-1-2.gif in Resources */,
				F1A1F3B42577EA4E0024348F /* 2-3-0-16.gif in Resources */,
				F1A1F3DF2577EE620024348F /* 1-23.gif in Resources */,
				F1A1F3E02577EE620024348F /* 1-10.gif in Resources */,
				F1A1F3C32577EC050024348F /* 0-9.gif in Resources */,
				F1A1F3D92577EE620024348F /* 1-39-B.gif in Resources */,
				F1A1F3B92577EA4E0024348F /* 2-3-0-1.gif in Resources */,
				F1A1F3B72577EA4E0024348F /* 2-4-2-11.gif in Resources */,
				F1A1F3F52577EFE20024348F /* ver2_3-3-6.gif in Resources */,
				F1A1F3E52577EE620024348F /* 1-19.gif in Resources */,
				F1A1F3EA2577EE620024348F /* 1-16.gif in Resources */,
				F1A1F3E22577EE620024348F /* 1-17.gif in Resources */,
				F1A1F3FF2577EFEE0024348F /* ver1_3-1-2.gif in Resources */,
				F1A1F3E42577EE620024348F /* 1-4.gif in Resources */,
				F1A1F3E32577EE620024348F /* 1-8.gif in Resources */,
				F1A1F3E92577EE620024348F /* 1-58-A.gif in Resources */,
				F1A1F3BC2577EA4E0024348F /* 2-3-0-3.gif in Resources */,
				F10B1A9E255FCD3900DEBFE2 /* Main.storyboard in Resources */,
				F1A1F3DE2577EE620024348F /* 1-5.gif in Resources */,
				F1A1F3C22577EC050024348F /* 0-1.gif in Resources */,
				F1A1F3F22577EFE20024348F /* ver2_3-1-1.gif in Resources */,
				F1A1F3F32577EFE20024348F /* ver2_3-3-1.gif in Resources */,
				F1A1F3B52577EA4E0024348F /* 2-1-0-14.gif in Resources */,
				F1A1F3BB2577EA4E0024348F /* 2-4-2-9.gif in Resources */,
				F1A1F3DC2577EE620024348F /* 1-24.gif in Resources */,
				F1A1F3C12577EC050024348F /* 0-32-B.gif in Resources */,
			);
			runOnlyForDeploymentPostprocessing = 0;
		};
/* End PBXResourcesBuildPhase section */

/* Begin PBXShellScriptBuildPhase section */
		19B217EE450B2B1D8605F759 /* [CP] Embed Pods Frameworks */ = {
			isa = PBXShellScriptBuildPhase;
			buildActionMask = 2147483647;
			files = (
			);
			inputFileListPaths = (
				"${PODS_ROOT}/Target Support Files/Pods-Instell 10/Pods-Instell 10-frameworks-${CONFIGURATION}-input-files.xcfilelist",
			);
			name = "[CP] Embed Pods Frameworks";
			outputFileListPaths = (
				"${PODS_ROOT}/Target Support Files/Pods-Instell 10/Pods-Instell 10-frameworks-${CONFIGURATION}-output-files.xcfilelist",
			);
			runOnlyForDeploymentPostprocessing = 0;
			shellPath = /bin/sh;
			shellScript = "\"${PODS_ROOT}/Target Support Files/Pods-Instell 10/Pods-Instell 10-frameworks.sh\"\n";
			showEnvVarsInLog = 0;
		};
		3D6F55742E726F36D48A58CD /* [CP] Check Pods Manifest.lock */ = {
			isa = PBXShellScriptBuildPhase;
			buildActionMask = 2147483647;
			files = (
			);
			inputFileListPaths = (
			);
			inputPaths = (
				"${PODS_PODFILE_DIR_PATH}/Podfile.lock",
				"${PODS_ROOT}/Manifest.lock",
			);
			name = "[CP] Check Pods Manifest.lock";
			outputFileListPaths = (
			);
			outputPaths = (
				"$(DERIVED_FILE_DIR)/Pods-Instell 10-checkManifestLockResult.txt",
			);
			runOnlyForDeploymentPostprocessing = 0;
			shellPath = /bin/sh;
			shellScript = "diff \"${PODS_PODFILE_DIR_PATH}/Podfile.lock\" \"${PODS_ROOT}/Manifest.lock\" > /dev/null\nif [ $? != 0 ] ; then\n    # print error to STDERR\n    echo \"error: The sandbox is not in sync with the Podfile.lock. Run 'pod install' or update your CocoaPods installation.\" >&2\n    exit 1\nfi\n# This output is used by Xcode 'outputs' to avoid re-running this script phase.\necho \"SUCCESS\" > \"${SCRIPT_OUTPUT_FILE_0}\"\n";
			showEnvVarsInLog = 0;
		};
/* End PBXShellScriptBuildPhase section */

/* Begin PBXSourcesBuildPhase section */
		F10B1A8F255FCD3900DEBFE2 /* Sources */ = {
			isa = PBXSourcesBuildPhase;
			buildActionMask = 2147483647;
			files = (
				F145C40F257536C6009271D9 /* Phase0.swift in Sources */,
				F10B1A9B255FCD3900DEBFE2 /* InitialViewController.swift in Sources */,
				F145C40C2575331A009271D9 /* Phase1.swift in Sources */,
				F10B1AAF255FD95800DEBFE2 /* Data.swift in Sources */,
				F10B1AAC255FD75C00DEBFE2 /* DataStructure.swift in Sources */,
				F14C48D0255FDE37002A3468 /* SceneViewController.swift in Sources */,
				F10B1A97255FCD3900DEBFE2 /* AppDelegate.swift in Sources */,
				F10B1A99255FCD3900DEBFE2 /* SceneDelegate.swift in Sources */,
				F145C415257550A0009271D9 /* Phase3_ver1.swift in Sources */,
				F145C41225754461009271D9 /* Phase2.swift in Sources */,
				F12CE9F4257558CF009226C0 /* Phase3_ver2.swift in Sources */,
				F1E6787D257964F600CA6C00 /* ToolTip.swift in Sources */,
				F14C48D3255FDE43002A3468 /* ChoiceViewController.swift in Sources */,
			);
			runOnlyForDeploymentPostprocessing = 0;
		};
/* End PBXSourcesBuildPhase section */

/* Begin PBXVariantGroup section */
		F10B1A9C255FCD3900DEBFE2 /* Main.storyboard */ = {
			isa = PBXVariantGroup;
			children = (
				F10B1A9D255FCD3900DEBFE2 /* Base */,
			);
			name = Main.storyboard;
			sourceTree = "<group>";
		};
		F10B1AA1255FCD3C00DEBFE2 /* LaunchScreen.storyboard */ = {
			isa = PBXVariantGroup;
			children = (
				F10B1AA2255FCD3C00DEBFE2 /* Base */,
			);
			name = LaunchScreen.storyboard;
			sourceTree = "<group>";
		};
/* End PBXVariantGroup section */

/* Begin XCBuildConfiguration section */
		F10B1AA5255FCD3C00DEBFE2 /* Debug */ = {
			isa = XCBuildConfiguration;
			buildSettings = {
				ALWAYS_SEARCH_USER_PATHS = NO;
				CLANG_ANALYZER_NONNULL = YES;
				CLANG_ANALYZER_NUMBER_OBJECT_CONVERSION = YES_AGGRESSIVE;
				CLANG_CXX_LANGUAGE_STANDARD = "gnu++14";
				CLANG_CXX_LIBRARY = "libc++";
				CLANG_ENABLE_MODULES = YES;
				CLANG_ENABLE_OBJC_ARC = YES;
				CLANG_ENABLE_OBJC_WEAK = YES;
				CLANG_WARN_BLOCK_CAPTURE_AUTORELEASING = YES;
				CLANG_WARN_BOOL_CONVERSION = YES;
				CLANG_WARN_COMMA = YES;
				CLANG_WARN_CONSTANT_CONVERSION = YES;
				CLANG_WARN_DEPRECATED_OBJC_IMPLEMENTATIONS = YES;
				CLANG_WARN_DIRECT_OBJC_ISA_USAGE = YES_ERROR;
				CLANG_WARN_DOCUMENTATION_COMMENTS = YES;
				CLANG_WARN_EMPTY_BODY = YES;
				CLANG_WARN_ENUM_CONVERSION = YES;
				CLANG_WARN_INFINITE_RECURSION = YES;
				CLANG_WARN_INT_CONVERSION = YES;
				CLANG_WARN_NON_LITERAL_NULL_CONVERSION = YES;
				CLANG_WARN_OBJC_IMPLICIT_RETAIN_SELF = YES;
				CLANG_WARN_OBJC_LITERAL_CONVERSION = YES;
				CLANG_WARN_OBJC_ROOT_CLASS = YES_ERROR;
				CLANG_WARN_QUOTED_INCLUDE_IN_FRAMEWORK_HEADER = YES;
				CLANG_WARN_RANGE_LOOP_ANALYSIS = YES;
				CLANG_WARN_STRICT_PROTOTYPES = YES;
				CLANG_WARN_SUSPICIOUS_MOVE = YES;
				CLANG_WARN_UNGUARDED_AVAILABILITY = YES_AGGRESSIVE;
				CLANG_WARN_UNREACHABLE_CODE = YES;
				CLANG_WARN__DUPLICATE_METHOD_MATCH = YES;
				COPY_PHASE_STRIP = NO;
				DEBUG_INFORMATION_FORMAT = dwarf;
				ENABLE_STRICT_OBJC_MSGSEND = YES;
				ENABLE_TESTABILITY = YES;
				GCC_C_LANGUAGE_STANDARD = gnu11;
				GCC_DYNAMIC_NO_PIC = NO;
				GCC_NO_COMMON_BLOCKS = YES;
				GCC_OPTIMIZATION_LEVEL = 0;
				GCC_PREPROCESSOR_DEFINITIONS = (
					"DEBUG=1",
					"$(inherited)",
				);
				GCC_WARN_64_TO_32_BIT_CONVERSION = YES;
				GCC_WARN_ABOUT_RETURN_TYPE = YES_ERROR;
				GCC_WARN_UNDECLARED_SELECTOR = YES;
				GCC_WARN_UNINITIALIZED_AUTOS = YES_AGGRESSIVE;
				GCC_WARN_UNUSED_FUNCTION = YES;
				GCC_WARN_UNUSED_VARIABLE = YES;
				IPHONEOS_DEPLOYMENT_TARGET = 13.0;
				MTL_ENABLE_DEBUG_INFO = INCLUDE_SOURCE;
				MTL_FAST_MATH = YES;
				ONLY_ACTIVE_ARCH = YES;
				SDKROOT = iphoneos;
				SWIFT_ACTIVE_COMPILATION_CONDITIONS = DEBUG;
				SWIFT_OPTIMIZATION_LEVEL = "-Onone";
			};
			name = Debug;
		};
		F10B1AA6255FCD3C00DEBFE2 /* Release */ = {
			isa = XCBuildConfiguration;
			buildSettings = {
				ALWAYS_SEARCH_USER_PATHS = NO;
				CLANG_ANALYZER_NONNULL = YES;
				CLANG_ANALYZER_NUMBER_OBJECT_CONVERSION = YES_AGGRESSIVE;
				CLANG_CXX_LANGUAGE_STANDARD = "gnu++14";
				CLANG_CXX_LIBRARY = "libc++";
				CLANG_ENABLE_MODULES = YES;
				CLANG_ENABLE_OBJC_ARC = YES;
				CLANG_ENABLE_OBJC_WEAK = YES;
				CLANG_WARN_BLOCK_CAPTURE_AUTORELEASING = YES;
				CLANG_WARN_BOOL_CONVERSION = YES;
				CLANG_WARN_COMMA = YES;
				CLANG_WARN_CONSTANT_CONVERSION = YES;
				CLANG_WARN_DEPRECATED_OBJC_IMPLEMENTATIONS = YES;
				CLANG_WARN_DIRECT_OBJC_ISA_USAGE = YES_ERROR;
				CLANG_WARN_DOCUMENTATION_COMMENTS = YES;
				CLANG_WARN_EMPTY_BODY = YES;
				CLANG_WARN_ENUM_CONVERSION = YES;
				CLANG_WARN_INFINITE_RECURSION = YES;
				CLANG_WARN_INT_CONVERSION = YES;
				CLANG_WARN_NON_LITERAL_NULL_CONVERSION = YES;
				CLANG_WARN_OBJC_IMPLICIT_RETAIN_SELF = YES;
				CLANG_WARN_OBJC_LITERAL_CONVERSION = YES;
				CLANG_WARN_OBJC_ROOT_CLASS = YES_ERROR;
				CLANG_WARN_QUOTED_INCLUDE_IN_FRAMEWORK_HEADER = YES;
				CLANG_WARN_RANGE_LOOP_ANALYSIS = YES;
				CLANG_WARN_STRICT_PROTOTYPES = YES;
				CLANG_WARN_SUSPICIOUS_MOVE = YES;
				CLANG_WARN_UNGUARDED_AVAILABILITY = YES_AGGRESSIVE;
				CLANG_WARN_UNREACHABLE_CODE = YES;
				CLANG_WARN__DUPLICATE_METHOD_MATCH = YES;
				COPY_PHASE_STRIP = NO;
				DEBUG_INFORMATION_FORMAT = "dwarf-with-dsym";
				ENABLE_NS_ASSERTIONS = NO;
				ENABLE_STRICT_OBJC_MSGSEND = YES;
				GCC_C_LANGUAGE_STANDARD = gnu11;
				GCC_NO_COMMON_BLOCKS = YES;
				GCC_WARN_64_TO_32_BIT_CONVERSION = YES;
				GCC_WARN_ABOUT_RETURN_TYPE = YES_ERROR;
				GCC_WARN_UNDECLARED_SELECTOR = YES;
				GCC_WARN_UNINITIALIZED_AUTOS = YES_AGGRESSIVE;
				GCC_WARN_UNUSED_FUNCTION = YES;
				GCC_WARN_UNUSED_VARIABLE = YES;
				IPHONEOS_DEPLOYMENT_TARGET = 13.0;
				MTL_ENABLE_DEBUG_INFO = NO;
				MTL_FAST_MATH = YES;
				SDKROOT = iphoneos;
				SWIFT_COMPILATION_MODE = wholemodule;
				SWIFT_OPTIMIZATION_LEVEL = "-O";
				VALIDATE_PRODUCT = YES;
			};
			name = Release;
		};
		F10B1AA8255FCD3C00DEBFE2 /* Debug */ = {
			isa = XCBuildConfiguration;
			baseConfigurationReference = D45CE77D3C1CE8EBBA73FE3B /* Pods-Instell 10.debug.xcconfig */;
			buildSettings = {
				ASSETCATALOG_COMPILER_APPICON_NAME = AppIcon;
				ASSETCATALOG_COMPILER_GLOBAL_ACCENT_COLOR_NAME = AccentColor;
				CODE_SIGN_STYLE = Automatic;
				CURRENT_PROJECT_VERSION = 6;
				DEVELOPMENT_TEAM = CJG8NYLG53;
				INFOPLIST_FILE = "Instell 10/Info.plist";
				IPHONEOS_DEPLOYMENT_TARGET = 13.0;
				LD_RUNPATH_SEARCH_PATHS = (
					"$(inherited)",
					"@executable_path/Frameworks",
				);
				PRODUCT_BUNDLE_IDENTIFIER = isc.snu.instell10;
				PRODUCT_NAME = "$(TARGET_NAME)";
				SWIFT_VERSION = 5.0;
				TARGETED_DEVICE_FAMILY = "1,2";
			};
			name = Debug;
		};
		F10B1AA9255FCD3C00DEBFE2 /* Release */ = {
			isa = XCBuildConfiguration;
			baseConfigurationReference = D02EB82E7CC8E41109814F3F /* Pods-Instell 10.release.xcconfig */;
			buildSettings = {
				ASSETCATALOG_COMPILER_APPICON_NAME = AppIcon;
				ASSETCATALOG_COMPILER_GLOBAL_ACCENT_COLOR_NAME = AccentColor;
				CODE_SIGN_STYLE = Automatic;
				CURRENT_PROJECT_VERSION = 6;
				DEVELOPMENT_TEAM = CJG8NYLG53;
				INFOPLIST_FILE = "Instell 10/Info.plist";
				IPHONEOS_DEPLOYMENT_TARGET = 13.0;
				LD_RUNPATH_SEARCH_PATHS = (
					"$(inherited)",
					"@executable_path/Frameworks",
				);
				PRODUCT_BUNDLE_IDENTIFIER = isc.snu.instell10;
				PRODUCT_NAME = "$(TARGET_NAME)";
				SWIFT_VERSION = 5.0;
				TARGETED_DEVICE_FAMILY = "1,2";
			};
			name = Release;
		};
/* End XCBuildConfiguration section */

/* Begin XCConfigurationList section */
		F10B1A8E255FCD3900DEBFE2 /* Build configuration list for PBXProject "Instell 10" */ = {
			isa = XCConfigurationList;
			buildConfigurations = (
				F10B1AA5255FCD3C00DEBFE2 /* Debug */,
				F10B1AA6255FCD3C00DEBFE2 /* Release */,
			);
			defaultConfigurationIsVisible = 0;
			defaultConfigurationName = Release;
		};
		F10B1AA7255FCD3C00DEBFE2 /* Build configuration list for PBXNativeTarget "Instell 10" */ = {
			isa = XCConfigurationList;
			buildConfigurations = (
				F10B1AA8255FCD3C00DEBFE2 /* Debug */,
				F10B1AA9255FCD3C00DEBFE2 /* Release */,
			);
			defaultConfigurationIsVisible = 0;
			defaultConfigurationName = Release;
		};
/* End XCConfigurationList section */
	};
	rootObject = F10B1A8B255FCD3900DEBFE2 /* Project object */;
}
