// !$*UTF8*$!
{
	archiveVersion = 1;
	classes = {
	};
	objectVersion = 51;
	objects = {

/* Begin PBXBuildFile section */
		177269CF74C6D5B662A641D8 /* Pods_Instell_10.framework in Frameworks */ = {isa = PBXBuildFile; fileRef = 701B3941AC6FF6294A8E3184 /* Pods_Instell_10.framework */; };
		269AE9432588B01C00A10C9C /* 2-4-2-20.gif in Resources */ = {isa = PBXBuildFile; fileRef = 269AE9422588B01C00A10C9C /* 2-4-2-20.gif */; };
		26D7106C258750E500BF1E47 /* 0-3.tiff in Resources */ = {isa = PBXBuildFile; fileRef = 26D71064258750E400BF1E47 /* 0-3.tiff */; };
		26D7106D258750E500BF1E47 /* 0-4.tiff in Resources */ = {isa = PBXBuildFile; fileRef = 26D71065258750E400BF1E47 /* 0-4.tiff */; };
		26D7106E258750E500BF1E47 /* 0-9.tiff in Resources */ = {isa = PBXBuildFile; fileRef = 26D71066258750E400BF1E47 /* 0-9.tiff */; };
		26D7106F258750E500BF1E47 /* 0-2.tiff in Resources */ = {isa = PBXBuildFile; fileRef = 26D71067258750E400BF1E47 /* 0-2.tiff */; };
		26D71070258750E500BF1E47 /* 0-7.tiff in Resources */ = {isa = PBXBuildFile; fileRef = 26D71068258750E400BF1E47 /* 0-7.tiff */; };
		26D71071258750E500BF1E47 /* 0-8.tiff in Resources */ = {isa = PBXBuildFile; fileRef = 26D71069258750E500BF1E47 /* 0-8.tiff */; };
		26D71072258750E500BF1E47 /* 0-6.tiff in Resources */ = {isa = PBXBuildFile; fileRef = 26D7106A258750E500BF1E47 /* 0-6.tiff */; };
		26D71073258750E500BF1E47 /* 0-5.tiff in Resources */ = {isa = PBXBuildFile; fileRef = 26D7106B258750E500BF1E47 /* 0-5.tiff */; };
		26D71076258750FC00BF1E47 /* 0-1-1.tiff in Resources */ = {isa = PBXBuildFile; fileRef = 26D71075258750FC00BF1E47 /* 0-1-1.tiff */; };
		26D710822587525900BF1E47 /* 0-1.gif in Resources */ = {isa = PBXBuildFile; fileRef = 26D710802587525900BF1E47 /* 0-1.gif */; };
		26D710832587525900BF1E47 /* 0-1-1.gif in Resources */ = {isa = PBXBuildFile; fileRef = 26D710812587525900BF1E47 /* 0-1-1.gif */; };
		26D71089258754C700BF1E47 /* 1-4.tiff in Resources */ = {isa = PBXBuildFile; fileRef = 26D71088258754C700BF1E47 /* 1-4.tiff */; };
		26D7109325875A7800BF1E47 /* 1-19.tiff in Resources */ = {isa = PBXBuildFile; fileRef = 26D7108C25875A7700BF1E47 /* 1-19.tiff */; };
		26D7109425875A7800BF1E47 /* 1-39-A.tiff in Resources */ = {isa = PBXBuildFile; fileRef = 26D7108D25875A7700BF1E47 /* 1-39-A.tiff */; };
		26D7109525875A7800BF1E47 /* 1-27.tiff in Resources */ = {isa = PBXBuildFile; fileRef = 26D7108E25875A7700BF1E47 /* 1-27.tiff */; };
		26D7109625875A7800BF1E47 /* 1-21.tiff in Resources */ = {isa = PBXBuildFile; fileRef = 26D7108F25875A7800BF1E47 /* 1-21.tiff */; };
		26D7109725875A7800BF1E47 /* 1-18.tiff in Resources */ = {isa = PBXBuildFile; fileRef = 26D7109025875A7800BF1E47 /* 1-18.tiff */; };
		26D7109825875A7800BF1E47 /* 1-31.tiff in Resources */ = {isa = PBXBuildFile; fileRef = 26D7109125875A7800BF1E47 /* 1-31.tiff */; };
		26D7109925875A7800BF1E47 /* 1-33.tiff in Resources */ = {isa = PBXBuildFile; fileRef = 26D7109225875A7800BF1E47 /* 1-33.tiff */; };
		26D7109C25875B8900BF1E47 /* 1-5.tiff in Resources */ = {isa = PBXBuildFile; fileRef = 26D7109B25875B8900BF1E47 /* 1-5.tiff */; };
		26D710D22587617B00BF1E47 /* 2-1-0-1.gif in Resources */ = {isa = PBXBuildFile; fileRef = 26D710C22587617B00BF1E47 /* 2-1-0-1.gif */; };
		26D710D32587617B00BF1E47 /* 2-1-0-14.gif in Resources */ = {isa = PBXBuildFile; fileRef = 26D710C32587617B00BF1E47 /* 2-1-0-14.gif */; };
		26D710D42587617B00BF1E47 /* 2-4-1-2.gif in Resources */ = {isa = PBXBuildFile; fileRef = 26D710C42587617B00BF1E47 /* 2-4-1-2.gif */; };
		26D710D52587617B00BF1E47 /* 2-1-0-13.gif in Resources */ = {isa = PBXBuildFile; fileRef = 26D710C52587617B00BF1E47 /* 2-1-0-13.gif */; };
		26D710D62587617B00BF1E47 /* 2-3-0-17-1.gif in Resources */ = {isa = PBXBuildFile; fileRef = 26D710C62587617B00BF1E47 /* 2-3-0-17-1.gif */; };
		26D710D82587617B00BF1E47 /* 2-3-0-17-2-1.gif in Resources */ = {isa = PBXBuildFile; fileRef = 26D710C82587617B00BF1E47 /* 2-3-0-17-2-1.gif */; };
		26D710D92587617B00BF1E47 /* 2-4-2-13.gif in Resources */ = {isa = PBXBuildFile; fileRef = 26D710C92587617B00BF1E47 /* 2-4-2-13.gif */; };
		26D710DA2587617B00BF1E47 /* 2-4-2-9.gif in Resources */ = {isa = PBXBuildFile; fileRef = 26D710CA2587617B00BF1E47 /* 2-4-2-9.gif */; };
		26D710DB2587617B00BF1E47 /* 2-1-0-8.gif in Resources */ = {isa = PBXBuildFile; fileRef = 26D710CB2587617B00BF1E47 /* 2-1-0-8.gif */; };
		26D710DC2587617B00BF1E47 /* 2-3-0-1.gif in Resources */ = {isa = PBXBuildFile; fileRef = 26D710CC2587617B00BF1E47 /* 2-3-0-1.gif */; };
		26D710DD2587617B00BF1E47 /* 2-4-2-11.gif in Resources */ = {isa = PBXBuildFile; fileRef = 26D710CD2587617B00BF1E47 /* 2-4-2-11.gif */; };
		26D710DF2587617B00BF1E47 /* 2-2-0-1.gif in Resources */ = {isa = PBXBuildFile; fileRef = 26D710CF2587617B00BF1E47 /* 2-2-0-1.gif */; };
		26D710E02587617B00BF1E47 /* 2-3-0-3.gif in Resources */ = {isa = PBXBuildFile; fileRef = 26D710D02587617B00BF1E47 /* 2-3-0-3.gif */; };
		26D710E12587617B00BF1E47 /* 2-3-0-17-2.gif in Resources */ = {isa = PBXBuildFile; fileRef = 26D710D12587617B00BF1E47 /* 2-3-0-17-2.gif */; };
		26D710F8258761AF00BF1E47 /* 1-58-A.gif in Resources */ = {isa = PBXBuildFile; fileRef = 26D710E5258761AC00BF1E47 /* 1-58-A.gif */; };
		26D710F9258761AF00BF1E47 /* 1-23.gif in Resources */ = {isa = PBXBuildFile; fileRef = 26D710E6258761AC00BF1E47 /* 1-23.gif */; };
		26D710FA258761AF00BF1E47 /* 1-5.gif in Resources */ = {isa = PBXBuildFile; fileRef = 26D710E7258761AC00BF1E47 /* 1-5.gif */; };
		26D710FB258761AF00BF1E47 /* 1-30.gif in Resources */ = {isa = PBXBuildFile; fileRef = 26D710E8258761AC00BF1E47 /* 1-30.gif */; };
		26D710FC258761AF00BF1E47 /* 1-4.gif in Resources */ = {isa = PBXBuildFile; fileRef = 26D710E9258761AC00BF1E47 /* 1-4.gif */; };
		26D710FD258761AF00BF1E47 /* 1-16.gif in Resources */ = {isa = PBXBuildFile; fileRef = 26D710EA258761AC00BF1E47 /* 1-16.gif */; };
		26D710FE258761AF00BF1E47 /* 1-29.gif in Resources */ = {isa = PBXBuildFile; fileRef = 26D710EB258761AD00BF1E47 /* 1-29.gif */; };
		26D710FF258761AF00BF1E47 /* 1-1.gif in Resources */ = {isa = PBXBuildFile; fileRef = 26D710EC258761AD00BF1E47 /* 1-1.gif */; };
		26D71100258761AF00BF1E47 /* 1-17.gif in Resources */ = {isa = PBXBuildFile; fileRef = 26D710ED258761AD00BF1E47 /* 1-17.gif */; };
		26D71101258761AF00BF1E47 /* 1-19.gif in Resources */ = {isa = PBXBuildFile; fileRef = 26D710EE258761AD00BF1E47 /* 1-19.gif */; };
		26D71102258761AF00BF1E47 /* 1-61-A.gif in Resources */ = {isa = PBXBuildFile; fileRef = 26D710EF258761AD00BF1E47 /* 1-61-A.gif */; };
		26D71103258761AF00BF1E47 /* 1-41-A.gif in Resources */ = {isa = PBXBuildFile; fileRef = 26D710F0258761AE00BF1E47 /* 1-41-A.gif */; };
		26D71104258761AF00BF1E47 /* 1-33.gif in Resources */ = {isa = PBXBuildFile; fileRef = 26D710F1258761AE00BF1E47 /* 1-33.gif */; };
		26D71105258761AF00BF1E47 /* 1-8.gif in Resources */ = {isa = PBXBuildFile; fileRef = 26D710F2258761AE00BF1E47 /* 1-8.gif */; };
		26D71106258761AF00BF1E47 /* 1-39-A.gif in Resources */ = {isa = PBXBuildFile; fileRef = 26D710F3258761AE00BF1E47 /* 1-39-A.gif */; };
		26D71107258761AF00BF1E47 /* 1-39-B.gif in Resources */ = {isa = PBXBuildFile; fileRef = 26D710F4258761AE00BF1E47 /* 1-39-B.gif */; };
		26D71108258761AF00BF1E47 /* 1-14.gif in Resources */ = {isa = PBXBuildFile; fileRef = 26D710F5258761AF00BF1E47 /* 1-14.gif */; };
		26D7110A258761AF00BF1E47 /* 1-41-B.gif in Resources */ = {isa = PBXBuildFile; fileRef = 26D710F7258761AF00BF1E47 /* 1-41-B.gif */; };
		26D711122587675C00BF1E47 /* ver2_3-1-2.gif in Resources */ = {isa = PBXBuildFile; fileRef = 26D7110C2587675B00BF1E47 /* ver2_3-1-2.gif */; };
		26D711132587675C00BF1E47 /* ver2_3-4-1.gif in Resources */ = {isa = PBXBuildFile; fileRef = 26D7110D2587675B00BF1E47 /* ver2_3-4-1.gif */; };
		26D711142587675C00BF1E47 /* ver2_3-4-10-1.gif in Resources */ = {isa = PBXBuildFile; fileRef = 26D7110E2587675B00BF1E47 /* ver2_3-4-10-1.gif */; };
		26D711152587675C00BF1E47 /* ver2_3-3-1.gif in Resources */ = {isa = PBXBuildFile; fileRef = 26D7110F2587675C00BF1E47 /* ver2_3-3-1.gif */; };
		26D711162587675C00BF1E47 /* ver2_3-2-6-1.gif in Resources */ = {isa = PBXBuildFile; fileRef = 26D711102587675C00BF1E47 /* ver2_3-2-6-1.gif */; };
		26D711172587675C00BF1E47 /* ver2_3-1-1.gif in Resources */ = {isa = PBXBuildFile; fileRef = 26D711112587675C00BF1E47 /* ver2_3-1-1.gif */; };
		26D7111F2587677400BF1E47 /* ver1_3-5-6-1.gif in Resources */ = {isa = PBXBuildFile; fileRef = 26D711192587677400BF1E47 /* ver1_3-5-6-1.gif */; };
		26D711202587677400BF1E47 /* ver1_3-3-4.gif in Resources */ = {isa = PBXBuildFile; fileRef = 26D7111A2587677400BF1E47 /* ver1_3-3-4.gif */; };
		26D711212587677400BF1E47 /* ver1_3-6-1.gif in Resources */ = {isa = PBXBuildFile; fileRef = 26D7111B2587677400BF1E47 /* ver1_3-6-1.gif */; };
		26D711222587677400BF1E47 /* ver1_3-1-1.gif in Resources */ = {isa = PBXBuildFile; fileRef = 26D7111C2587677400BF1E47 /* ver1_3-1-1.gif */; };
		26D711232587677400BF1E47 /* ver1_3-5-1.gif in Resources */ = {isa = PBXBuildFile; fileRef = 26D7111D2587677400BF1E47 /* ver1_3-5-1.gif */; };
		26D711242587677400BF1E47 /* ver1_3-1-2.gif in Resources */ = {isa = PBXBuildFile; fileRef = 26D7111E2587677400BF1E47 /* ver1_3-1-2.gif */; };
		26D7112A2587685100BF1E47 /* 1-41-1-A.gif in Resources */ = {isa = PBXBuildFile; fileRef = 26D711292587685100BF1E47 /* 1-41-1-A.gif */; };
		26D7112D258772D700BF1E47 /* 처세.swift in Sources */ = {isa = PBXBuildFile; fileRef = 26D7112C258772D700BF1E47 /* 처세.swift */; };
		26D71130258772E600BF1E47 /* 신념.swift in Sources */ = {isa = PBXBuildFile; fileRef = 26D7112F258772E600BF1E47 /* 신념.swift */; };
		26D71133258772EC00BF1E47 /* 순응.swift in Sources */ = {isa = PBXBuildFile; fileRef = 26D71132258772EC00BF1E47 /* 순응.swift */; };
		26D7113C258774D700BF1E47 /* chosea_9.gif in Resources */ = {isa = PBXBuildFile; fileRef = 26D71136258774D500BF1E47 /* chosea_9.gif */; };
		26D7113D258774D700BF1E47 /* chosea_7.gif in Resources */ = {isa = PBXBuildFile; fileRef = 26D71137258774D600BF1E47 /* chosea_7.gif */; };
		26D7113E258774D700BF1E47 /* chosea_3.gif in Resources */ = {isa = PBXBuildFile; fileRef = 26D71138258774D600BF1E47 /* chosea_3.gif */; };
		26D7113F258774D700BF1E47 /* chosea_1.gif in Resources */ = {isa = PBXBuildFile; fileRef = 26D71139258774D600BF1E47 /* chosea_1.gif */; };
		26D71140258774D700BF1E47 /* chosea_5.gif in Resources */ = {isa = PBXBuildFile; fileRef = 26D7113A258774D600BF1E47 /* chosea_5.gif */; };
		26D71141258774D700BF1E47 /* chosea_11.gif in Resources */ = {isa = PBXBuildFile; fileRef = 26D7113B258774D700BF1E47 /* chosea_11.gif */; };
		26D711492587753200BF1E47 /* chosea_2.tiff in Resources */ = {isa = PBXBuildFile; fileRef = 26D711432587753100BF1E47 /* chosea_2.tiff */; };
		26D7114A2587753200BF1E47 /* chosea_10.tiff in Resources */ = {isa = PBXBuildFile; fileRef = 26D711442587753100BF1E47 /* chosea_10.tiff */; };
		26D7114B2587753200BF1E47 /* chosea_4.tiff in Resources */ = {isa = PBXBuildFile; fileRef = 26D711452587753100BF1E47 /* chosea_4.tiff */; };
		26D7114C2587753200BF1E47 /* chosea_6.tiff in Resources */ = {isa = PBXBuildFile; fileRef = 26D711462587753100BF1E47 /* chosea_6.tiff */; };
		26D7114D2587753200BF1E47 /* chosea_8.tiff in Resources */ = {isa = PBXBuildFile; fileRef = 26D711472587753100BF1E47 /* chosea_8.tiff */; };
		26D7114E2587753200BF1E47 /* chosea_12.tiff in Resources */ = {isa = PBXBuildFile; fileRef = 26D711482587753100BF1E47 /* chosea_12.tiff */; };
		26D7115625877AC300BF1E47 /* sinnyeom_3.gif in Resources */ = {isa = PBXBuildFile; fileRef = 26D7115125877AC200BF1E47 /* sinnyeom_3.gif */; };
		26D7115725877AC300BF1E47 /* sinnyeom_7.gif in Resources */ = {isa = PBXBuildFile; fileRef = 26D7115225877AC200BF1E47 /* sinnyeom_7.gif */; };
		26D7115825877AC300BF1E47 /* sinnyeom_9.gif in Resources */ = {isa = PBXBuildFile; fileRef = 26D7115325877AC200BF1E47 /* sinnyeom_9.gif */; };
		26D7115925877AC300BF1E47 /* sinnyeom_1.gif in Resources */ = {isa = PBXBuildFile; fileRef = 26D7115425877AC200BF1E47 /* sinnyeom_1.gif */; };
		26D7115A25877AC300BF1E47 /* sinnyeom_5.gif in Resources */ = {isa = PBXBuildFile; fileRef = 26D7115525877AC300BF1E47 /* sinnyeom_5.gif */; };
		26D7116125877B0F00BF1E47 /* sinnyeom_2.tiff in Resources */ = {isa = PBXBuildFile; fileRef = 26D7115C25877B0F00BF1E47 /* sinnyeom_2.tiff */; };
		26D7116225877B0F00BF1E47 /* sinnyeom_6.tiff in Resources */ = {isa = PBXBuildFile; fileRef = 26D7115D25877B0F00BF1E47 /* sinnyeom_6.tiff */; };
		26D7116325877B0F00BF1E47 /* sinnyeom_8.tiff in Resources */ = {isa = PBXBuildFile; fileRef = 26D7115E25877B0F00BF1E47 /* sinnyeom_8.tiff */; };
		26D7116425877B0F00BF1E47 /* sinnyeom_10.tiff in Resources */ = {isa = PBXBuildFile; fileRef = 26D7115F25877B0F00BF1E47 /* sinnyeom_10.tiff */; };
		26D7116525877B0F00BF1E47 /* sinnyeom_4.tiff in Resources */ = {isa = PBXBuildFile; fileRef = 26D7116025877B0F00BF1E47 /* sinnyeom_4.tiff */; };
		26D7116D25877C3F00BF1E47 /* suneung_8.tiff in Resources */ = {isa = PBXBuildFile; fileRef = 26D7116825877C3F00BF1E47 /* suneung_8.tiff */; };
		26D7116E25877C3F00BF1E47 /* suneung_10.tiff in Resources */ = {isa = PBXBuildFile; fileRef = 26D7116925877C3F00BF1E47 /* suneung_10.tiff */; };
		26D7116F25877C3F00BF1E47 /* suneung_6.tiff in Resources */ = {isa = PBXBuildFile; fileRef = 26D7116A25877C3F00BF1E47 /* suneung_6.tiff */; };
		26D7117025877C3F00BF1E47 /* suneung_4.tiff in Resources */ = {isa = PBXBuildFile; fileRef = 26D7116B25877C3F00BF1E47 /* suneung_4.tiff */; };
		26D7117125877C3F00BF1E47 /* suneung_2.tiff in Resources */ = {isa = PBXBuildFile; fileRef = 26D7116C25877C3F00BF1E47 /* suneung_2.tiff */; };
		26D7117825877C4F00BF1E47 /* suneung_7.gif in Resources */ = {isa = PBXBuildFile; fileRef = 26D7117325877C4E00BF1E47 /* suneung_7.gif */; };
		26D7117925877C4F00BF1E47 /* suneung_3.gif in Resources */ = {isa = PBXBuildFile; fileRef = 26D7117425877C4E00BF1E47 /* suneung_3.gif */; };
		26D7117A25877C4F00BF1E47 /* suneung_9.gif in Resources */ = {isa = PBXBuildFile; fileRef = 26D7117525877C4E00BF1E47 /* suneung_9.gif */; };
		26D7117B25877C4F00BF1E47 /* suneung_1.gif in Resources */ = {isa = PBXBuildFile; fileRef = 26D7117625877C4E00BF1E47 /* suneung_1.gif */; };
		26D7117C25877C4F00BF1E47 /* suneung_5.gif in Resources */ = {isa = PBXBuildFile; fileRef = 26D7117725877C4F00BF1E47 /* suneung_5.gif */; };
		26D7117F258788F300BF1E47 /* 고소.swift in Sources */ = {isa = PBXBuildFile; fileRef = 26D7117E258788F300BF1E47 /* 고소.swift */; };
		26D71185258789B000BF1E47 /* goso_2.tiff in Resources */ = {isa = PBXBuildFile; fileRef = 26D71182258789B000BF1E47 /* goso_2.tiff */; };
		26D71186258789B000BF1E47 /* goso_6.tiff in Resources */ = {isa = PBXBuildFile; fileRef = 26D71183258789B000BF1E47 /* goso_6.tiff */; };
		26D71187258789B000BF1E47 /* goso_4.tiff in Resources */ = {isa = PBXBuildFile; fileRef = 26D71184258789B000BF1E47 /* goso_4.tiff */; };
		26D7118C258789CD00BF1E47 /* goso_5.gif in Resources */ = {isa = PBXBuildFile; fileRef = 26D71189258789CC00BF1E47 /* goso_5.gif */; };
		26D7118D258789CD00BF1E47 /* goso_1.gif in Resources */ = {isa = PBXBuildFile; fileRef = 26D7118A258789CC00BF1E47 /* goso_1.gif */; };
		26D7118E258789CD00BF1E47 /* goso_3.gif in Resources */ = {isa = PBXBuildFile; fileRef = 26D7118B258789CD00BF1E47 /* goso_3.gif */; };
		26D711B525878F8900BF1E47 /* 심장박동.m4a in Resources */ = {isa = PBXBuildFile; fileRef = 26D711A525878F4B00BF1E47 /* 심장박동.m4a */; };
		26D711B625878F8900BF1E47 /* 울음2.m4a in Resources */ = {isa = PBXBuildFile; fileRef = 26D711B325878F4C00BF1E47 /* 울음2.m4a */; };
		26D711B725878F8900BF1E47 /* 긴장감.m4a in Resources */ = {isa = PBXBuildFile; fileRef = 26D711AA25878F4C00BF1E47 /* 긴장감.m4a */; };
		26D711B825878F8900BF1E47 /* 휙소리.m4a in Resources */ = {isa = PBXBuildFile; fileRef = 26D711AF25878F4C00BF1E47 /* 휙소리.m4a */; };
		26D711B925878F8900BF1E47 /* 퍽소리.m4a in Resources */ = {isa = PBXBuildFile; fileRef = 26D711AD25878F4C00BF1E47 /* 퍽소리.m4a */; };
		26D711BA25878F8900BF1E47 /* 화남1.m4a in Resources */ = {isa = PBXBuildFile; fileRef = 26D711A925878F4C00BF1E47 /* 화남1.m4a */; };
		26D711BB25878F8900BF1E47 /* 가을소리.m4a in Resources */ = {isa = PBXBuildFile; fileRef = 26D711A725878F4B00BF1E47 /* 가을소리.m4a */; };
		26D711BC25878F8900BF1E47 /* 띠용.m4a in Resources */ = {isa = PBXBuildFile; fileRef = 26D711AB25878F4C00BF1E47 /* 띠용.m4a */; };
		26D711BD25878F8900BF1E47 /* 쿵.m4a in Resources */ = {isa = PBXBuildFile; fileRef = 26D711A825878F4B00BF1E47 /* 쿵.m4a */; };
		26D711BE25878F8900BF1E47 /* 웅성거림.m4a in Resources */ = {isa = PBXBuildFile; fileRef = 26D711A625878F4B00BF1E47 /* 웅성거림.m4a */; };
		26D711BF25878F8900BF1E47 /* 울음1.m4a in Resources */ = {isa = PBXBuildFile; fileRef = 26D711AE25878F4C00BF1E47 /* 울음1.m4a */; };
		26D711C025878F8900BF1E47 /* 카메라 셔터.m4a in Resources */ = {isa = PBXBuildFile; fileRef = 26D711AC25878F4C00BF1E47 /* 카메라 셔터.m4a */; };
		26D711C125878F8900BF1E47 /* 화남2.m4a in Resources */ = {isa = PBXBuildFile; fileRef = 26D711B125878F4C00BF1E47 /* 화남2.m4a */; };
		26D711C225878F8900BF1E47 /* 당황.m4a in Resources */ = {isa = PBXBuildFile; fileRef = 26D711B025878F4C00BF1E47 /* 당황.m4a */; };
		26D711C325878F8900BF1E47 /* 웃음.m4a in Resources */ = {isa = PBXBuildFile; fileRef = 26D711A425878F4B00BF1E47 /* 웃음.m4a */; };
		26D711C425878F8900BF1E47 /* 한숨.m4a in Resources */ = {isa = PBXBuildFile; fileRef = 26D711B225878F4C00BF1E47 /* 한숨.m4a */; };
		F10B1A97255FCD3900DEBFE2 /* AppDelegate.swift in Sources */ = {isa = PBXBuildFile; fileRef = F10B1A96255FCD3900DEBFE2 /* AppDelegate.swift */; };
		F10B1A99255FCD3900DEBFE2 /* SceneDelegate.swift in Sources */ = {isa = PBXBuildFile; fileRef = F10B1A98255FCD3900DEBFE2 /* SceneDelegate.swift */; };
		F10B1A9B255FCD3900DEBFE2 /* InitialViewController.swift in Sources */ = {isa = PBXBuildFile; fileRef = F10B1A9A255FCD3900DEBFE2 /* InitialViewController.swift */; };
		F10B1A9E255FCD3900DEBFE2 /* Main.storyboard in Resources */ = {isa = PBXBuildFile; fileRef = F10B1A9C255FCD3900DEBFE2 /* Main.storyboard */; };
		F10B1AA0255FCD3C00DEBFE2 /* Assets.xcassets in Resources */ = {isa = PBXBuildFile; fileRef = F10B1A9F255FCD3C00DEBFE2 /* Assets.xcassets */; };
		F10B1AA3255FCD3C00DEBFE2 /* LaunchScreen.storyboard in Resources */ = {isa = PBXBuildFile; fileRef = F10B1AA1255FCD3C00DEBFE2 /* LaunchScreen.storyboard */; };
		F10B1AAC255FD75C00DEBFE2 /* DataStructure.swift in Sources */ = {isa = PBXBuildFile; fileRef = F10B1AAB255FD75C00DEBFE2 /* DataStructure.swift */; };
		F10B1AAF255FD95800DEBFE2 /* Data.swift in Sources */ = {isa = PBXBuildFile; fileRef = F10B1AAE255FD95800DEBFE2 /* Data.swift */; };
		F12CE9F4257558CF009226C0 /* Phase3_ver2.swift in Sources */ = {isa = PBXBuildFile; fileRef = F12CE9F3257558CF009226C0 /* Phase3_ver2.swift */; };
		F145C40C2575331A009271D9 /* Phase1.swift in Sources */ = {isa = PBXBuildFile; fileRef = F145C40B2575331A009271D9 /* Phase1.swift */; };
		F145C40F257536C6009271D9 /* Phase0.swift in Sources */ = {isa = PBXBuildFile; fileRef = F145C40E257536C6009271D9 /* Phase0.swift */; };
		F145C41225754461009271D9 /* Phase2.swift in Sources */ = {isa = PBXBuildFile; fileRef = F145C41125754461009271D9 /* Phase2.swift */; };
		F145C415257550A0009271D9 /* Phase3_ver1.swift in Sources */ = {isa = PBXBuildFile; fileRef = F145C414257550A0009271D9 /* Phase3_ver1.swift */; };
		F14C48D0255FDE37002A3468 /* SceneViewController.swift in Sources */ = {isa = PBXBuildFile; fileRef = F14C48CF255FDE37002A3468 /* SceneViewController.swift */; };
		F14C48D3255FDE43002A3468 /* ChoiceViewController.swift in Sources */ = {isa = PBXBuildFile; fileRef = F14C48D2255FDE43002A3468 /* ChoiceViewController.swift */; };
		F1A1F3C12577EC050024348F /* 0-32-B.gif in Resources */ = {isa = PBXBuildFile; fileRef = F1A1F3BE2577EC030024348F /* 0-32-B.gif */; };
		F1A1F3C32577EC050024348F /* 0-9.gif in Resources */ = {isa = PBXBuildFile; fileRef = F1A1F3C02577EC050024348F /* 0-9.gif */; };
/* End PBXBuildFile section */

/* Begin PBXFileReference section */
		168A15A0C14C00AE11493FB2 /* Pods-Instell 10.release.xcconfig */ = {isa = PBXFileReference; includeInIndex = 1; lastKnownFileType = text.xcconfig; name = "Pods-Instell 10.release.xcconfig"; path = "Target Support Files/Pods-Instell 10/Pods-Instell 10.release.xcconfig"; sourceTree = "<group>"; };
		269AE9422588B01C00A10C9C /* 2-4-2-20.gif */ = {isa = PBXFileReference; lastKnownFileType = image.gif; name = "2-4-2-20.gif"; path = "../../../../phase2-최종 복사본/ppt/media/2-4-2-20.gif"; sourceTree = "<group>"; };
		26D71064258750E400BF1E47 /* 0-3.tiff */ = {isa = PBXFileReference; lastKnownFileType = image.tiff; path = "0-3.tiff"; sourceTree = "<group>"; };
		26D71065258750E400BF1E47 /* 0-4.tiff */ = {isa = PBXFileReference; lastKnownFileType = image.tiff; path = "0-4.tiff"; sourceTree = "<group>"; };
		26D71066258750E400BF1E47 /* 0-9.tiff */ = {isa = PBXFileReference; lastKnownFileType = image.tiff; path = "0-9.tiff"; sourceTree = "<group>"; };
		26D71067258750E400BF1E47 /* 0-2.tiff */ = {isa = PBXFileReference; lastKnownFileType = image.tiff; path = "0-2.tiff"; sourceTree = "<group>"; };
		26D71068258750E400BF1E47 /* 0-7.tiff */ = {isa = PBXFileReference; lastKnownFileType = image.tiff; path = "0-7.tiff"; sourceTree = "<group>"; };
		26D71069258750E500BF1E47 /* 0-8.tiff */ = {isa = PBXFileReference; lastKnownFileType = image.tiff; path = "0-8.tiff"; sourceTree = "<group>"; };
		26D7106A258750E500BF1E47 /* 0-6.tiff */ = {isa = PBXFileReference; lastKnownFileType = image.tiff; path = "0-6.tiff"; sourceTree = "<group>"; };
		26D7106B258750E500BF1E47 /* 0-5.tiff */ = {isa = PBXFileReference; lastKnownFileType = image.tiff; path = "0-5.tiff"; sourceTree = "<group>"; };
		26D71075258750FC00BF1E47 /* 0-1-1.tiff */ = {isa = PBXFileReference; lastKnownFileType = image.tiff; path = "0-1-1.tiff"; sourceTree = "<group>"; };
		26D710802587525900BF1E47 /* 0-1.gif */ = {isa = PBXFileReference; lastKnownFileType = image.gif; path = "0-1.gif"; sourceTree = "<group>"; };
		26D710812587525900BF1E47 /* 0-1-1.gif */ = {isa = PBXFileReference; lastKnownFileType = image.gif; path = "0-1-1.gif"; sourceTree = "<group>"; };
		26D71088258754C700BF1E47 /* 1-4.tiff */ = {isa = PBXFileReference; lastKnownFileType = image.tiff; path = "1-4.tiff"; sourceTree = "<group>"; };
		26D7108C25875A7700BF1E47 /* 1-19.tiff */ = {isa = PBXFileReference; lastKnownFileType = image.tiff; path = "1-19.tiff"; sourceTree = "<group>"; };
		26D7108D25875A7700BF1E47 /* 1-39-A.tiff */ = {isa = PBXFileReference; lastKnownFileType = image.tiff; path = "1-39-A.tiff"; sourceTree = "<group>"; };
		26D7108E25875A7700BF1E47 /* 1-27.tiff */ = {isa = PBXFileReference; lastKnownFileType = image.tiff; path = "1-27.tiff"; sourceTree = "<group>"; };
		26D7108F25875A7800BF1E47 /* 1-21.tiff */ = {isa = PBXFileReference; lastKnownFileType = image.tiff; path = "1-21.tiff"; sourceTree = "<group>"; };
		26D7109025875A7800BF1E47 /* 1-18.tiff */ = {isa = PBXFileReference; lastKnownFileType = image.tiff; path = "1-18.tiff"; sourceTree = "<group>"; };
		26D7109125875A7800BF1E47 /* 1-31.tiff */ = {isa = PBXFileReference; lastKnownFileType = image.tiff; path = "1-31.tiff"; sourceTree = "<group>"; };
		26D7109225875A7800BF1E47 /* 1-33.tiff */ = {isa = PBXFileReference; lastKnownFileType = image.tiff; path = "1-33.tiff"; sourceTree = "<group>"; };
		26D7109B25875B8900BF1E47 /* 1-5.tiff */ = {isa = PBXFileReference; lastKnownFileType = image.tiff; path = "1-5.tiff"; sourceTree = "<group>"; };
		26D710C22587617B00BF1E47 /* 2-1-0-1.gif */ = {isa = PBXFileReference; lastKnownFileType = image.gif; path = "2-1-0-1.gif"; sourceTree = "<group>"; };
		26D710C32587617B00BF1E47 /* 2-1-0-14.gif */ = {isa = PBXFileReference; lastKnownFileType = image.gif; path = "2-1-0-14.gif"; sourceTree = "<group>"; };
		26D710C42587617B00BF1E47 /* 2-4-1-2.gif */ = {isa = PBXFileReference; lastKnownFileType = image.gif; path = "2-4-1-2.gif"; sourceTree = "<group>"; };
		26D710C52587617B00BF1E47 /* 2-1-0-13.gif */ = {isa = PBXFileReference; lastKnownFileType = image.gif; path = "2-1-0-13.gif"; sourceTree = "<group>"; };
		26D710C62587617B00BF1E47 /* 2-3-0-17-1.gif */ = {isa = PBXFileReference; lastKnownFileType = image.gif; path = "2-3-0-17-1.gif"; sourceTree = "<group>"; };
		26D710C82587617B00BF1E47 /* 2-3-0-17-2-1.gif */ = {isa = PBXFileReference; lastKnownFileType = image.gif; path = "2-3-0-17-2-1.gif"; sourceTree = "<group>"; };
		26D710C92587617B00BF1E47 /* 2-4-2-13.gif */ = {isa = PBXFileReference; lastKnownFileType = image.gif; path = "2-4-2-13.gif"; sourceTree = "<group>"; };
		26D710CA2587617B00BF1E47 /* 2-4-2-9.gif */ = {isa = PBXFileReference; lastKnownFileType = image.gif; path = "2-4-2-9.gif"; sourceTree = "<group>"; };
		26D710CB2587617B00BF1E47 /* 2-1-0-8.gif */ = {isa = PBXFileReference; lastKnownFileType = image.gif; path = "2-1-0-8.gif"; sourceTree = "<group>"; };
		26D710CC2587617B00BF1E47 /* 2-3-0-1.gif */ = {isa = PBXFileReference; lastKnownFileType = image.gif; path = "2-3-0-1.gif"; sourceTree = "<group>"; };
		26D710CD2587617B00BF1E47 /* 2-4-2-11.gif */ = {isa = PBXFileReference; lastKnownFileType = image.gif; path = "2-4-2-11.gif"; sourceTree = "<group>"; };
		26D710CF2587617B00BF1E47 /* 2-2-0-1.gif */ = {isa = PBXFileReference; lastKnownFileType = image.gif; path = "2-2-0-1.gif"; sourceTree = "<group>"; };
		26D710D02587617B00BF1E47 /* 2-3-0-3.gif */ = {isa = PBXFileReference; lastKnownFileType = image.gif; path = "2-3-0-3.gif"; sourceTree = "<group>"; };
		26D710D12587617B00BF1E47 /* 2-3-0-17-2.gif */ = {isa = PBXFileReference; lastKnownFileType = image.gif; path = "2-3-0-17-2.gif"; sourceTree = "<group>"; };
		26D710E5258761AC00BF1E47 /* 1-58-A.gif */ = {isa = PBXFileReference; lastKnownFileType = image.gif; path = "1-58-A.gif"; sourceTree = "<group>"; };
		26D710E6258761AC00BF1E47 /* 1-23.gif */ = {isa = PBXFileReference; lastKnownFileType = image.gif; path = "1-23.gif"; sourceTree = "<group>"; };
		26D710E7258761AC00BF1E47 /* 1-5.gif */ = {isa = PBXFileReference; lastKnownFileType = image.gif; path = "1-5.gif"; sourceTree = "<group>"; };
		26D710E8258761AC00BF1E47 /* 1-30.gif */ = {isa = PBXFileReference; lastKnownFileType = image.gif; path = "1-30.gif"; sourceTree = "<group>"; };
		26D710E9258761AC00BF1E47 /* 1-4.gif */ = {isa = PBXFileReference; lastKnownFileType = image.gif; path = "1-4.gif"; sourceTree = "<group>"; };
		26D710EA258761AC00BF1E47 /* 1-16.gif */ = {isa = PBXFileReference; lastKnownFileType = image.gif; path = "1-16.gif"; sourceTree = "<group>"; };
		26D710EB258761AD00BF1E47 /* 1-29.gif */ = {isa = PBXFileReference; lastKnownFileType = image.gif; path = "1-29.gif"; sourceTree = "<group>"; };
		26D710EC258761AD00BF1E47 /* 1-1.gif */ = {isa = PBXFileReference; lastKnownFileType = image.gif; path = "1-1.gif"; sourceTree = "<group>"; };
		26D710ED258761AD00BF1E47 /* 1-17.gif */ = {isa = PBXFileReference; lastKnownFileType = image.gif; path = "1-17.gif"; sourceTree = "<group>"; };
		26D710EE258761AD00BF1E47 /* 1-19.gif */ = {isa = PBXFileReference; lastKnownFileType = image.gif; path = "1-19.gif"; sourceTree = "<group>"; };
		26D710EF258761AD00BF1E47 /* 1-61-A.gif */ = {isa = PBXFileReference; lastKnownFileType = image.gif; path = "1-61-A.gif"; sourceTree = "<group>"; };
		26D710F0258761AE00BF1E47 /* 1-41-A.gif */ = {isa = PBXFileReference; lastKnownFileType = image.gif; path = "1-41-A.gif"; sourceTree = "<group>"; };
		26D710F1258761AE00BF1E47 /* 1-33.gif */ = {isa = PBXFileReference; lastKnownFileType = image.gif; path = "1-33.gif"; sourceTree = "<group>"; };
		26D710F2258761AE00BF1E47 /* 1-8.gif */ = {isa = PBXFileReference; lastKnownFileType = image.gif; path = "1-8.gif"; sourceTree = "<group>"; };
		26D710F3258761AE00BF1E47 /* 1-39-A.gif */ = {isa = PBXFileReference; lastKnownFileType = image.gif; path = "1-39-A.gif"; sourceTree = "<group>"; };
		26D710F4258761AE00BF1E47 /* 1-39-B.gif */ = {isa = PBXFileReference; lastKnownFileType = image.gif; path = "1-39-B.gif"; sourceTree = "<group>"; };
		26D710F5258761AF00BF1E47 /* 1-14.gif */ = {isa = PBXFileReference; lastKnownFileType = image.gif; path = "1-14.gif"; sourceTree = "<group>"; };
		26D710F7258761AF00BF1E47 /* 1-41-B.gif */ = {isa = PBXFileReference; lastKnownFileType = image.gif; path = "1-41-B.gif"; sourceTree = "<group>"; };
		26D7110C2587675B00BF1E47 /* ver2_3-1-2.gif */ = {isa = PBXFileReference; lastKnownFileType = image.gif; path = "ver2_3-1-2.gif"; sourceTree = "<group>"; };
		26D7110D2587675B00BF1E47 /* ver2_3-4-1.gif */ = {isa = PBXFileReference; lastKnownFileType = image.gif; path = "ver2_3-4-1.gif"; sourceTree = "<group>"; };
		26D7110E2587675B00BF1E47 /* ver2_3-4-10-1.gif */ = {isa = PBXFileReference; lastKnownFileType = image.gif; path = "ver2_3-4-10-1.gif"; sourceTree = "<group>"; };
		26D7110F2587675C00BF1E47 /* ver2_3-3-1.gif */ = {isa = PBXFileReference; lastKnownFileType = image.gif; path = "ver2_3-3-1.gif"; sourceTree = "<group>"; };
		26D711102587675C00BF1E47 /* ver2_3-2-6-1.gif */ = {isa = PBXFileReference; lastKnownFileType = image.gif; path = "ver2_3-2-6-1.gif"; sourceTree = "<group>"; };
		26D711112587675C00BF1E47 /* ver2_3-1-1.gif */ = {isa = PBXFileReference; lastKnownFileType = image.gif; path = "ver2_3-1-1.gif"; sourceTree = "<group>"; };
		26D711192587677400BF1E47 /* ver1_3-5-6-1.gif */ = {isa = PBXFileReference; lastKnownFileType = image.gif; path = "ver1_3-5-6-1.gif"; sourceTree = "<group>"; };
		26D7111A2587677400BF1E47 /* ver1_3-3-4.gif */ = {isa = PBXFileReference; lastKnownFileType = image.gif; path = "ver1_3-3-4.gif"; sourceTree = "<group>"; };
		26D7111B2587677400BF1E47 /* ver1_3-6-1.gif */ = {isa = PBXFileReference; lastKnownFileType = image.gif; path = "ver1_3-6-1.gif"; sourceTree = "<group>"; };
		26D7111C2587677400BF1E47 /* ver1_3-1-1.gif */ = {isa = PBXFileReference; lastKnownFileType = image.gif; path = "ver1_3-1-1.gif"; sourceTree = "<group>"; };
		26D7111D2587677400BF1E47 /* ver1_3-5-1.gif */ = {isa = PBXFileReference; lastKnownFileType = image.gif; path = "ver1_3-5-1.gif"; sourceTree = "<group>"; };
		26D7111E2587677400BF1E47 /* ver1_3-1-2.gif */ = {isa = PBXFileReference; lastKnownFileType = image.gif; path = "ver1_3-1-2.gif"; sourceTree = "<group>"; };
		26D711292587685100BF1E47 /* 1-41-1-A.gif */ = {isa = PBXFileReference; lastKnownFileType = image.gif; path = "1-41-1-A.gif"; sourceTree = "<group>"; };
		26D7112C258772D700BF1E47 /* 처세.swift */ = {isa = PBXFileReference; lastKnownFileType = sourcecode.swift; path = "처세.swift"; sourceTree = "<group>"; };
		26D7112F258772E600BF1E47 /* 신념.swift */ = {isa = PBXFileReference; lastKnownFileType = sourcecode.swift; path = "신념.swift"; sourceTree = "<group>"; };
		26D71132258772EC00BF1E47 /* 순응.swift */ = {isa = PBXFileReference; lastKnownFileType = sourcecode.swift; path = "순응.swift"; sourceTree = "<group>"; };
		26D71136258774D500BF1E47 /* chosea_9.gif */ = {isa = PBXFileReference; lastKnownFileType = image.gif; path = chosea_9.gif; sourceTree = "<group>"; };
		26D71137258774D600BF1E47 /* chosea_7.gif */ = {isa = PBXFileReference; lastKnownFileType = image.gif; path = chosea_7.gif; sourceTree = "<group>"; };
		26D71138258774D600BF1E47 /* chosea_3.gif */ = {isa = PBXFileReference; lastKnownFileType = image.gif; path = chosea_3.gif; sourceTree = "<group>"; };
		26D71139258774D600BF1E47 /* chosea_1.gif */ = {isa = PBXFileReference; lastKnownFileType = image.gif; path = chosea_1.gif; sourceTree = "<group>"; };
		26D7113A258774D600BF1E47 /* chosea_5.gif */ = {isa = PBXFileReference; lastKnownFileType = image.gif; path = chosea_5.gif; sourceTree = "<group>"; };
		26D7113B258774D700BF1E47 /* chosea_11.gif */ = {isa = PBXFileReference; lastKnownFileType = image.gif; path = chosea_11.gif; sourceTree = "<group>"; };
		26D711432587753100BF1E47 /* chosea_2.tiff */ = {isa = PBXFileReference; lastKnownFileType = image.tiff; path = chosea_2.tiff; sourceTree = "<group>"; };
		26D711442587753100BF1E47 /* chosea_10.tiff */ = {isa = PBXFileReference; lastKnownFileType = image.tiff; path = chosea_10.tiff; sourceTree = "<group>"; };
		26D711452587753100BF1E47 /* chosea_4.tiff */ = {isa = PBXFileReference; lastKnownFileType = image.tiff; path = chosea_4.tiff; sourceTree = "<group>"; };
		26D711462587753100BF1E47 /* chosea_6.tiff */ = {isa = PBXFileReference; lastKnownFileType = image.tiff; path = chosea_6.tiff; sourceTree = "<group>"; };
		26D711472587753100BF1E47 /* chosea_8.tiff */ = {isa = PBXFileReference; lastKnownFileType = image.tiff; path = chosea_8.tiff; sourceTree = "<group>"; };
		26D711482587753100BF1E47 /* chosea_12.tiff */ = {isa = PBXFileReference; lastKnownFileType = image.tiff; path = chosea_12.tiff; sourceTree = "<group>"; };
		26D7115125877AC200BF1E47 /* sinnyeom_3.gif */ = {isa = PBXFileReference; lastKnownFileType = image.gif; path = sinnyeom_3.gif; sourceTree = "<group>"; };
		26D7115225877AC200BF1E47 /* sinnyeom_7.gif */ = {isa = PBXFileReference; lastKnownFileType = image.gif; path = sinnyeom_7.gif; sourceTree = "<group>"; };
		26D7115325877AC200BF1E47 /* sinnyeom_9.gif */ = {isa = PBXFileReference; lastKnownFileType = image.gif; path = sinnyeom_9.gif; sourceTree = "<group>"; };
		26D7115425877AC200BF1E47 /* sinnyeom_1.gif */ = {isa = PBXFileReference; lastKnownFileType = image.gif; path = sinnyeom_1.gif; sourceTree = "<group>"; };
		26D7115525877AC300BF1E47 /* sinnyeom_5.gif */ = {isa = PBXFileReference; lastKnownFileType = image.gif; path = sinnyeom_5.gif; sourceTree = "<group>"; };
		26D7115C25877B0F00BF1E47 /* sinnyeom_2.tiff */ = {isa = PBXFileReference; lastKnownFileType = image.tiff; path = sinnyeom_2.tiff; sourceTree = "<group>"; };
		26D7115D25877B0F00BF1E47 /* sinnyeom_6.tiff */ = {isa = PBXFileReference; lastKnownFileType = image.tiff; path = sinnyeom_6.tiff; sourceTree = "<group>"; };
		26D7115E25877B0F00BF1E47 /* sinnyeom_8.tiff */ = {isa = PBXFileReference; lastKnownFileType = image.tiff; path = sinnyeom_8.tiff; sourceTree = "<group>"; };
		26D7115F25877B0F00BF1E47 /* sinnyeom_10.tiff */ = {isa = PBXFileReference; lastKnownFileType = image.tiff; path = sinnyeom_10.tiff; sourceTree = "<group>"; };
		26D7116025877B0F00BF1E47 /* sinnyeom_4.tiff */ = {isa = PBXFileReference; lastKnownFileType = image.tiff; path = sinnyeom_4.tiff; sourceTree = "<group>"; };
		26D7116825877C3F00BF1E47 /* suneung_8.tiff */ = {isa = PBXFileReference; lastKnownFileType = image.tiff; path = suneung_8.tiff; sourceTree = "<group>"; };
		26D7116925877C3F00BF1E47 /* suneung_10.tiff */ = {isa = PBXFileReference; lastKnownFileType = image.tiff; path = suneung_10.tiff; sourceTree = "<group>"; };
		26D7116A25877C3F00BF1E47 /* suneung_6.tiff */ = {isa = PBXFileReference; lastKnownFileType = image.tiff; path = suneung_6.tiff; sourceTree = "<group>"; };
		26D7116B25877C3F00BF1E47 /* suneung_4.tiff */ = {isa = PBXFileReference; lastKnownFileType = image.tiff; path = suneung_4.tiff; sourceTree = "<group>"; };
		26D7116C25877C3F00BF1E47 /* suneung_2.tiff */ = {isa = PBXFileReference; lastKnownFileType = image.tiff; path = suneung_2.tiff; sourceTree = "<group>"; };
		26D7117325877C4E00BF1E47 /* suneung_7.gif */ = {isa = PBXFileReference; lastKnownFileType = image.gif; path = suneung_7.gif; sourceTree = "<group>"; };
		26D7117425877C4E00BF1E47 /* suneung_3.gif */ = {isa = PBXFileReference; lastKnownFileType = image.gif; path = suneung_3.gif; sourceTree = "<group>"; };
		26D7117525877C4E00BF1E47 /* suneung_9.gif */ = {isa = PBXFileReference; lastKnownFileType = image.gif; path = suneung_9.gif; sourceTree = "<group>"; };
		26D7117625877C4E00BF1E47 /* suneung_1.gif */ = {isa = PBXFileReference; lastKnownFileType = image.gif; path = suneung_1.gif; sourceTree = "<group>"; };
		26D7117725877C4F00BF1E47 /* suneung_5.gif */ = {isa = PBXFileReference; lastKnownFileType = image.gif; path = suneung_5.gif; sourceTree = "<group>"; };
		26D7117E258788F300BF1E47 /* 고소.swift */ = {isa = PBXFileReference; lastKnownFileType = sourcecode.swift; path = "고소.swift"; sourceTree = "<group>"; };
		26D71182258789B000BF1E47 /* goso_2.tiff */ = {isa = PBXFileReference; lastKnownFileType = image.tiff; path = goso_2.tiff; sourceTree = "<group>"; };
		26D71183258789B000BF1E47 /* goso_6.tiff */ = {isa = PBXFileReference; lastKnownFileType = image.tiff; path = goso_6.tiff; sourceTree = "<group>"; };
		26D71184258789B000BF1E47 /* goso_4.tiff */ = {isa = PBXFileReference; lastKnownFileType = image.tiff; path = goso_4.tiff; sourceTree = "<group>"; };
		26D71189258789CC00BF1E47 /* goso_5.gif */ = {isa = PBXFileReference; lastKnownFileType = image.gif; path = goso_5.gif; sourceTree = "<group>"; };
		26D7118A258789CC00BF1E47 /* goso_1.gif */ = {isa = PBXFileReference; lastKnownFileType = image.gif; path = goso_1.gif; sourceTree = "<group>"; };
		26D7118B258789CD00BF1E47 /* goso_3.gif */ = {isa = PBXFileReference; lastKnownFileType = image.gif; path = goso_3.gif; sourceTree = "<group>"; };
		26D711A425878F4B00BF1E47 /* 웃음.m4a */ = {isa = PBXFileReference; lastKnownFileType = file; path = "웃음.m4a"; sourceTree = "<group>"; };
		26D711A525878F4B00BF1E47 /* 심장박동.m4a */ = {isa = PBXFileReference; lastKnownFileType = file; path = "심장박동.m4a"; sourceTree = "<group>"; };
		26D711A625878F4B00BF1E47 /* 웅성거림.m4a */ = {isa = PBXFileReference; lastKnownFileType = file; path = "웅성거림.m4a"; sourceTree = "<group>"; };
		26D711A725878F4B00BF1E47 /* 가을소리.m4a */ = {isa = PBXFileReference; lastKnownFileType = file; path = "가을소리.m4a"; sourceTree = "<group>"; };
		26D711A825878F4B00BF1E47 /* 쿵.m4a */ = {isa = PBXFileReference; lastKnownFileType = file; path = "쿵.m4a"; sourceTree = "<group>"; };
		26D711A925878F4C00BF1E47 /* 화남1.m4a */ = {isa = PBXFileReference; lastKnownFileType = file; path = "화남1.m4a"; sourceTree = "<group>"; };
		26D711AA25878F4C00BF1E47 /* 긴장감.m4a */ = {isa = PBXFileReference; lastKnownFileType = file; path = "긴장감.m4a"; sourceTree = "<group>"; };
		26D711AB25878F4C00BF1E47 /* 띠용.m4a */ = {isa = PBXFileReference; lastKnownFileType = file; path = "띠용.m4a"; sourceTree = "<group>"; };
		26D711AC25878F4C00BF1E47 /* 카메라 셔터.m4a */ = {isa = PBXFileReference; lastKnownFileType = file; path = "카메라 셔터.m4a"; sourceTree = "<group>"; };
		26D711AD25878F4C00BF1E47 /* 퍽소리.m4a */ = {isa = PBXFileReference; lastKnownFileType = file; path = "퍽소리.m4a"; sourceTree = "<group>"; };
		26D711AE25878F4C00BF1E47 /* 울음1.m4a */ = {isa = PBXFileReference; lastKnownFileType = file; path = "울음1.m4a"; sourceTree = "<group>"; };
		26D711AF25878F4C00BF1E47 /* 휙소리.m4a */ = {isa = PBXFileReference; lastKnownFileType = file; path = "휙소리.m4a"; sourceTree = "<group>"; };
		26D711B025878F4C00BF1E47 /* 당황.m4a */ = {isa = PBXFileReference; lastKnownFileType = file; path = "당황.m4a"; sourceTree = "<group>"; };
		26D711B125878F4C00BF1E47 /* 화남2.m4a */ = {isa = PBXFileReference; lastKnownFileType = file; path = "화남2.m4a"; sourceTree = "<group>"; };
		26D711B225878F4C00BF1E47 /* 한숨.m4a */ = {isa = PBXFileReference; lastKnownFileType = file; path = "한숨.m4a"; sourceTree = "<group>"; };
		26D711B325878F4C00BF1E47 /* 울음2.m4a */ = {isa = PBXFileReference; lastKnownFileType = file; path = "울음2.m4a"; sourceTree = "<group>"; };
		701B3941AC6FF6294A8E3184 /* Pods_Instell_10.framework */ = {isa = PBXFileReference; explicitFileType = wrapper.framework; includeInIndex = 0; path = Pods_Instell_10.framework; sourceTree = BUILT_PRODUCTS_DIR; };
		EA9C260A6DA8864727A5A578 /* Pods-Instell 10.debug.xcconfig */ = {isa = PBXFileReference; includeInIndex = 1; lastKnownFileType = text.xcconfig; name = "Pods-Instell 10.debug.xcconfig"; path = "Target Support Files/Pods-Instell 10/Pods-Instell 10.debug.xcconfig"; sourceTree = "<group>"; };
		F10B1A93255FCD3900DEBFE2 /* Instell 10.app */ = {isa = PBXFileReference; explicitFileType = wrapper.application; includeInIndex = 0; path = "Instell 10.app"; sourceTree = BUILT_PRODUCTS_DIR; };
		F10B1A96255FCD3900DEBFE2 /* AppDelegate.swift */ = {isa = PBXFileReference; lastKnownFileType = sourcecode.swift; path = AppDelegate.swift; sourceTree = "<group>"; };
		F10B1A98255FCD3900DEBFE2 /* SceneDelegate.swift */ = {isa = PBXFileReference; lastKnownFileType = sourcecode.swift; path = SceneDelegate.swift; sourceTree = "<group>"; };
		F10B1A9A255FCD3900DEBFE2 /* InitialViewController.swift */ = {isa = PBXFileReference; lastKnownFileType = sourcecode.swift; path = InitialViewController.swift; sourceTree = "<group>"; };
		F10B1A9D255FCD3900DEBFE2 /* Base */ = {isa = PBXFileReference; lastKnownFileType = file.storyboard; name = Base; path = Base.lproj/Main.storyboard; sourceTree = "<group>"; };
		F10B1A9F255FCD3C00DEBFE2 /* Assets.xcassets */ = {isa = PBXFileReference; lastKnownFileType = folder.assetcatalog; path = Assets.xcassets; sourceTree = "<group>"; };
		F10B1AA2255FCD3C00DEBFE2 /* Base */ = {isa = PBXFileReference; lastKnownFileType = file.storyboard; name = Base; path = Base.lproj/LaunchScreen.storyboard; sourceTree = "<group>"; };
		F10B1AA4255FCD3C00DEBFE2 /* Info.plist */ = {isa = PBXFileReference; lastKnownFileType = text.plist.xml; path = Info.plist; sourceTree = "<group>"; };
		F10B1AAB255FD75C00DEBFE2 /* DataStructure.swift */ = {isa = PBXFileReference; lastKnownFileType = sourcecode.swift; path = DataStructure.swift; sourceTree = "<group>"; };
		F10B1AAE255FD95800DEBFE2 /* Data.swift */ = {isa = PBXFileReference; lastKnownFileType = sourcecode.swift; path = Data.swift; sourceTree = "<group>"; };
		F12CE9F3257558CF009226C0 /* Phase3_ver2.swift */ = {isa = PBXFileReference; lastKnownFileType = sourcecode.swift; path = Phase3_ver2.swift; sourceTree = "<group>"; };
		F145C40B2575331A009271D9 /* Phase1.swift */ = {isa = PBXFileReference; lastKnownFileType = sourcecode.swift; path = Phase1.swift; sourceTree = "<group>"; };
		F145C40E257536C6009271D9 /* Phase0.swift */ = {isa = PBXFileReference; lastKnownFileType = sourcecode.swift; path = Phase0.swift; sourceTree = "<group>"; };
		F145C41125754461009271D9 /* Phase2.swift */ = {isa = PBXFileReference; lastKnownFileType = sourcecode.swift; path = Phase2.swift; sourceTree = "<group>"; };
		F145C414257550A0009271D9 /* Phase3_ver1.swift */ = {isa = PBXFileReference; lastKnownFileType = sourcecode.swift; path = Phase3_ver1.swift; sourceTree = "<group>"; };
		F14C48CF255FDE37002A3468 /* SceneViewController.swift */ = {isa = PBXFileReference; lastKnownFileType = sourcecode.swift; path = SceneViewController.swift; sourceTree = "<group>"; };
		F14C48D2255FDE43002A3468 /* ChoiceViewController.swift */ = {isa = PBXFileReference; lastKnownFileType = sourcecode.swift; path = ChoiceViewController.swift; sourceTree = "<group>"; };
		F1A1F3BE2577EC030024348F /* 0-32-B.gif */ = {isa = PBXFileReference; lastKnownFileType = image.gif; path = "0-32-B.gif"; sourceTree = "<group>"; };
		F1A1F3C02577EC050024348F /* 0-9.gif */ = {isa = PBXFileReference; lastKnownFileType = image.gif; path = "0-9.gif"; sourceTree = "<group>"; };
/* End PBXFileReference section */

/* Begin PBXFrameworksBuildPhase section */
		F10B1A90255FCD3900DEBFE2 /* Frameworks */ = {
			isa = PBXFrameworksBuildPhase;
			buildActionMask = 2147483647;
			files = (
				177269CF74C6D5B662A641D8 /* Pods_Instell_10.framework in Frameworks */,
			);
			runOnlyForDeploymentPostprocessing = 0;
		};
/* End PBXFrameworksBuildPhase section */

/* Begin PBXGroup section */
		26D710632587509C00BF1E47 /* tiff */ = {
			isa = PBXGroup;
			children = (
				26D71067258750E400BF1E47 /* 0-2.tiff */,
				26D71064258750E400BF1E47 /* 0-3.tiff */,
				26D71065258750E400BF1E47 /* 0-4.tiff */,
				26D71088258754C700BF1E47 /* 1-4.tiff */,
				26D7106B258750E500BF1E47 /* 0-5.tiff */,
				26D7109025875A7800BF1E47 /* 1-18.tiff */,
				26D7108C25875A7700BF1E47 /* 1-19.tiff */,
				26D7108F25875A7800BF1E47 /* 1-21.tiff */,
				26D7108E25875A7700BF1E47 /* 1-27.tiff */,
				26D7109B25875B8900BF1E47 /* 1-5.tiff */,
				26D7109125875A7800BF1E47 /* 1-31.tiff */,
				26D7109225875A7800BF1E47 /* 1-33.tiff */,
				26D7108D25875A7700BF1E47 /* 1-39-A.tiff */,
				26D7106A258750E500BF1E47 /* 0-6.tiff */,
				26D71075258750FC00BF1E47 /* 0-1-1.tiff */,
				26D71068258750E400BF1E47 /* 0-7.tiff */,
				26D71069258750E500BF1E47 /* 0-8.tiff */,
				26D71066258750E400BF1E47 /* 0-9.tiff */,
			);
			path = tiff;
			sourceTree = "<group>";
		};
		26D711352587732200BF1E47 /* 처세 */ = {
			isa = PBXGroup;
			children = (
				26D711432587753100BF1E47 /* chosea_2.tiff */,
				26D711452587753100BF1E47 /* chosea_4.tiff */,
				26D711462587753100BF1E47 /* chosea_6.tiff */,
				26D711472587753100BF1E47 /* chosea_8.tiff */,
				26D711442587753100BF1E47 /* chosea_10.tiff */,
				26D711482587753100BF1E47 /* chosea_12.tiff */,
				26D71139258774D600BF1E47 /* chosea_1.gif */,
				26D71138258774D600BF1E47 /* chosea_3.gif */,
				26D7113A258774D600BF1E47 /* chosea_5.gif */,
				26D71137258774D600BF1E47 /* chosea_7.gif */,
				26D71136258774D500BF1E47 /* chosea_9.gif */,
				26D7113B258774D700BF1E47 /* chosea_11.gif */,
			);
			name = "처세";
			path = "처세";
			sourceTree = "<group>";
		};
		26D7115025877AB500BF1E47 /* 신념 */ = {
			isa = PBXGroup;
			children = (
				26D7115425877AC200BF1E47 /* sinnyeom_1.gif */,
				26D7115125877AC200BF1E47 /* sinnyeom_3.gif */,
				26D7115C25877B0F00BF1E47 /* sinnyeom_2.tiff */,
				26D7116025877B0F00BF1E47 /* sinnyeom_4.tiff */,
				26D7115D25877B0F00BF1E47 /* sinnyeom_6.tiff */,
				26D7115E25877B0F00BF1E47 /* sinnyeom_8.tiff */,
				26D7115F25877B0F00BF1E47 /* sinnyeom_10.tiff */,
				26D7115525877AC300BF1E47 /* sinnyeom_5.gif */,
				26D7115225877AC200BF1E47 /* sinnyeom_7.gif */,
				26D7115325877AC200BF1E47 /* sinnyeom_9.gif */,
			);
			name = "신념";
			path = "신념";
			sourceTree = "<group>";
		};
		26D7116725877B1F00BF1E47 /* 순응 */ = {
			isa = PBXGroup;
			children = (
				26D7116C25877C3F00BF1E47 /* suneung_2.tiff */,
				26D7117625877C4E00BF1E47 /* suneung_1.gif */,
				26D7117425877C4E00BF1E47 /* suneung_3.gif */,
				26D7117725877C4F00BF1E47 /* suneung_5.gif */,
				26D7117325877C4E00BF1E47 /* suneung_7.gif */,
				26D7117525877C4E00BF1E47 /* suneung_9.gif */,
				26D7116B25877C3F00BF1E47 /* suneung_4.tiff */,
				26D7116A25877C3F00BF1E47 /* suneung_6.tiff */,
				26D7116825877C3F00BF1E47 /* suneung_8.tiff */,
				26D7116925877C3F00BF1E47 /* suneung_10.tiff */,
			);
			name = "순응";
			path = "순응";
			sourceTree = "<group>";
		};
		26D71181258789A800BF1E47 /* 고소 */ = {
			isa = PBXGroup;
			children = (
				26D7118A258789CC00BF1E47 /* goso_1.gif */,
				26D7118B258789CD00BF1E47 /* goso_3.gif */,
				26D71189258789CC00BF1E47 /* goso_5.gif */,
				26D71182258789B000BF1E47 /* goso_2.tiff */,
				26D71184258789B000BF1E47 /* goso_4.tiff */,
				26D71183258789B000BF1E47 /* goso_6.tiff */,
			);
			name = "고소";
			path = "고소";
			sourceTree = "<group>";
		};
		26D711A325878F4400BF1E47 /* sound */ = {
			isa = PBXGroup;
			children = (
				26D711A725878F4B00BF1E47 /* 가을소리.m4a */,
				26D711AA25878F4C00BF1E47 /* 긴장감.m4a */,
				26D711B025878F4C00BF1E47 /* 당황.m4a */,
				26D711AB25878F4C00BF1E47 /* 띠용.m4a */,
				26D711A525878F4B00BF1E47 /* 심장박동.m4a */,
				26D711AE25878F4C00BF1E47 /* 울음1.m4a */,
				26D711B325878F4C00BF1E47 /* 울음2.m4a */,
				26D711A425878F4B00BF1E47 /* 웃음.m4a */,
				26D711A625878F4B00BF1E47 /* 웅성거림.m4a */,
				26D711AC25878F4C00BF1E47 /* 카메라 셔터.m4a */,
				26D711A825878F4B00BF1E47 /* 쿵.m4a */,
				26D711AD25878F4C00BF1E47 /* 퍽소리.m4a */,
				26D711B225878F4C00BF1E47 /* 한숨.m4a */,
				26D711A925878F4C00BF1E47 /* 화남1.m4a */,
				26D711B125878F4C00BF1E47 /* 화남2.m4a */,
				26D711AF25878F4C00BF1E47 /* 휙소리.m4a */,
			);
			path = sound;
			sourceTree = "<group>";
		};
		A12090AD5DD06DF904423B9A /* Frameworks */ = {
			isa = PBXGroup;
			children = (
				701B3941AC6FF6294A8E3184 /* Pods_Instell_10.framework */,
			);
			name = Frameworks;
			sourceTree = "<group>";
		};
		CC6D1117017A1F4F341C55F5 /* Pods */ = {
			isa = PBXGroup;
			children = (
				EA9C260A6DA8864727A5A578 /* Pods-Instell 10.debug.xcconfig */,
				168A15A0C14C00AE11493FB2 /* Pods-Instell 10.release.xcconfig */,
			);
			path = Pods;
			sourceTree = "<group>";
		};
		F10B1A8A255FCD3900DEBFE2 = {
			isa = PBXGroup;
			children = (
				F10B1A95255FCD3900DEBFE2 /* Instell 10 */,
				F10B1A94255FCD3900DEBFE2 /* Products */,
				CC6D1117017A1F4F341C55F5 /* Pods */,
				A12090AD5DD06DF904423B9A /* Frameworks */,
			);
			sourceTree = "<group>";
		};
		F10B1A94255FCD3900DEBFE2 /* Products */ = {
			isa = PBXGroup;
			children = (
				F10B1A93255FCD3900DEBFE2 /* Instell 10.app */,
			);
			name = Products;
			sourceTree = "<group>";
		};
		F10B1A95255FCD3900DEBFE2 /* Instell 10 */ = {
			isa = PBXGroup;
			children = (
				26D711A325878F4400BF1E47 /* sound */,
				26D710632587509C00BF1E47 /* tiff */,
				F10B1A96255FCD3900DEBFE2 /* AppDelegate.swift */,
				F10B1A98255FCD3900DEBFE2 /* SceneDelegate.swift */,
				F10B1A9A255FCD3900DEBFE2 /* InitialViewController.swift */,
				F14C48CF255FDE37002A3468 /* SceneViewController.swift */,
				F14C48D2255FDE43002A3468 /* ChoiceViewController.swift */,
				F10B1AAB255FD75C00DEBFE2 /* DataStructure.swift */,
				F10B1AAE255FD95800DEBFE2 /* Data.swift */,
				F145C40B2575331A009271D9 /* Phase1.swift */,
				F145C40E257536C6009271D9 /* Phase0.swift */,
				26D7112C258772D700BF1E47 /* 처세.swift */,
				26D7112F258772E600BF1E47 /* 신념.swift */,
				26D7117E258788F300BF1E47 /* 고소.swift */,
				26D71132258772EC00BF1E47 /* 순응.swift */,
				F145C41125754461009271D9 /* Phase2.swift */,
				F145C414257550A0009271D9 /* Phase3_ver1.swift */,
				F12CE9F3257558CF009226C0 /* Phase3_ver2.swift */,
				F1BD1C782577D0B300E89B61 /* gif */,
				F10B1A9C255FCD3900DEBFE2 /* Main.storyboard */,
				F10B1A9F255FCD3C00DEBFE2 /* Assets.xcassets */,
				F10B1AA1255FCD3C00DEBFE2 /* LaunchScreen.storyboard */,
				F10B1AA4255FCD3C00DEBFE2 /* Info.plist */,
			);
			path = "Instell 10";
			sourceTree = "<group>";
		};
		F1A1F3EC2577EE700024348F /* phase 3_ver1 */ = {
			isa = PBXGroup;
			children = (
				26D7111C2587677400BF1E47 /* ver1_3-1-1.gif */,
				26D7111E2587677400BF1E47 /* ver1_3-1-2.gif */,
				26D7111A2587677400BF1E47 /* ver1_3-3-4.gif */,
				26D7111D2587677400BF1E47 /* ver1_3-5-1.gif */,
				26D711192587677400BF1E47 /* ver1_3-5-6-1.gif */,
				26D7111B2587677400BF1E47 /* ver1_3-6-1.gif */,
			);
			path = "phase 3_ver1";
			sourceTree = "<group>";
		};
		F1A1F3ED2577EE760024348F /* phase 3_ver2 */ = {
			isa = PBXGroup;
			children = (
				26D711112587675C00BF1E47 /* ver2_3-1-1.gif */,
				26D7110C2587675B00BF1E47 /* ver2_3-1-2.gif */,
				26D711102587675C00BF1E47 /* ver2_3-2-6-1.gif */,
				26D7110F2587675C00BF1E47 /* ver2_3-3-1.gif */,
				26D7110D2587675B00BF1E47 /* ver2_3-4-1.gif */,
				26D7110E2587675B00BF1E47 /* ver2_3-4-10-1.gif */,
			);
			path = "phase 3_ver2";
			sourceTree = "<group>";
		};
		F1BD1C782577D0B300E89B61 /* gif */ = {
			isa = PBXGroup;
			children = (
				26D71181258789A800BF1E47 /* 고소 */,
				26D7116725877B1F00BF1E47 /* 순응 */,
				26D7115025877AB500BF1E47 /* 신념 */,
				26D711352587732200BF1E47 /* 처세 */,
				F1A1F3ED2577EE760024348F /* phase 3_ver2 */,
				F1A1F3EC2577EE700024348F /* phase 3_ver1 */,
				F1BD1C7B2577D15900E89B61 /* phase 2 */,
				F1BD1C7A2577D0C100E89B61 /* phase 1 */,
				F1BD1C792577D0B900E89B61 /* phase 0 */,
			);
			path = gif;
			sourceTree = "<group>";
		};
		F1BD1C792577D0B900E89B61 /* phase 0 */ = {
			isa = PBXGroup;
			children = (
				26D710812587525900BF1E47 /* 0-1-1.gif */,
				26D710802587525900BF1E47 /* 0-1.gif */,
				F1A1F3C02577EC050024348F /* 0-9.gif */,
				F1A1F3BE2577EC030024348F /* 0-32-B.gif */,
			);
			path = "phase 0";
			sourceTree = "<group>";
		};
		F1BD1C7A2577D0C100E89B61 /* phase 1 */ = {
			isa = PBXGroup;
			children = (
				26D710EC258761AD00BF1E47 /* 1-1.gif */,
				26D710E9258761AC00BF1E47 /* 1-4.gif */,
				26D710E7258761AC00BF1E47 /* 1-5.gif */,
				26D710F2258761AE00BF1E47 /* 1-8.gif */,
				26D710F5258761AF00BF1E47 /* 1-14.gif */,
				26D710EA258761AC00BF1E47 /* 1-16.gif */,
				26D710ED258761AD00BF1E47 /* 1-17.gif */,
				26D710EE258761AD00BF1E47 /* 1-19.gif */,
				26D710E6258761AC00BF1E47 /* 1-23.gif */,
				26D710EB258761AD00BF1E47 /* 1-29.gif */,
				26D711292587685100BF1E47 /* 1-41-1-A.gif */,
				26D710E8258761AC00BF1E47 /* 1-30.gif */,
				26D710F1258761AE00BF1E47 /* 1-33.gif */,
				26D710F3258761AE00BF1E47 /* 1-39-A.gif */,
				26D710F4258761AE00BF1E47 /* 1-39-B.gif */,
				26D710F0258761AE00BF1E47 /* 1-41-A.gif */,
				26D710F7258761AF00BF1E47 /* 1-41-B.gif */,
				26D710E5258761AC00BF1E47 /* 1-58-A.gif */,
				26D710EF258761AD00BF1E47 /* 1-61-A.gif */,
			);
			path = "phase 1";
			sourceTree = "<group>";
		};
		F1BD1C7B2577D15900E89B61 /* phase 2 */ = {
			isa = PBXGroup;
			children = (
				26D710C22587617B00BF1E47 /* 2-1-0-1.gif */,
				26D710CB2587617B00BF1E47 /* 2-1-0-8.gif */,
				26D710C52587617B00BF1E47 /* 2-1-0-13.gif */,
				26D710C32587617B00BF1E47 /* 2-1-0-14.gif */,
				269AE9422588B01C00A10C9C /* 2-4-2-20.gif */,
				26D710CF2587617B00BF1E47 /* 2-2-0-1.gif */,
				26D710CC2587617B00BF1E47 /* 2-3-0-1.gif */,
				26D710D02587617B00BF1E47 /* 2-3-0-3.gif */,
				26D710C62587617B00BF1E47 /* 2-3-0-17-1.gif */,
				26D710C82587617B00BF1E47 /* 2-3-0-17-2-1.gif */,
				26D710D12587617B00BF1E47 /* 2-3-0-17-2.gif */,
				26D710C42587617B00BF1E47 /* 2-4-1-2.gif */,
				26D710CA2587617B00BF1E47 /* 2-4-2-9.gif */,
				26D710CD2587617B00BF1E47 /* 2-4-2-11.gif */,
				26D710C92587617B00BF1E47 /* 2-4-2-13.gif */,
			);
			path = "phase 2";
			sourceTree = "<group>";
		};
/* End PBXGroup section */

/* Begin PBXNativeTarget section */
		F10B1A92255FCD3900DEBFE2 /* Instell 10 */ = {
			isa = PBXNativeTarget;
			buildConfigurationList = F10B1AA7255FCD3C00DEBFE2 /* Build configuration list for PBXNativeTarget "Instell 10" */;
			buildPhases = (
				F7FF688865038C7DD2EB8193 /* [CP] Check Pods Manifest.lock */,
				F10B1A8F255FCD3900DEBFE2 /* Sources */,
				F10B1A90255FCD3900DEBFE2 /* Frameworks */,
				F10B1A91255FCD3900DEBFE2 /* Resources */,
				35D78104220D47254195BA8B /* [CP] Embed Pods Frameworks */,
			);
			buildRules = (
			);
			dependencies = (
			);
			name = "Instell 10";
			productName = "Instell 10";
			productReference = F10B1A93255FCD3900DEBFE2 /* Instell 10.app */;
			productType = "com.apple.product-type.application";
		};
/* End PBXNativeTarget section */

/* Begin PBXProject section */
		F10B1A8B255FCD3900DEBFE2 /* Project object */ = {
			isa = PBXProject;
			attributes = {
				LastSwiftUpdateCheck = 1220;
				LastUpgradeCheck = 1220;
				TargetAttributes = {
					F10B1A92255FCD3900DEBFE2 = {
						CreatedOnToolsVersion = 12.2;
					};
				};
			};
			buildConfigurationList = F10B1A8E255FCD3900DEBFE2 /* Build configuration list for PBXProject "Instell 10" */;
			compatibilityVersion = "Xcode 9.3";
			developmentRegion = en;
			hasScannedForEncodings = 0;
			knownRegions = (
				en,
				Base,
			);
			mainGroup = F10B1A8A255FCD3900DEBFE2;
			productRefGroup = F10B1A94255FCD3900DEBFE2 /* Products */;
			projectDirPath = "";
			projectRoot = "";
			targets = (
				F10B1A92255FCD3900DEBFE2 /* Instell 10 */,
			);
		};
/* End PBXProject section */

/* Begin PBXResourcesBuildPhase section */
		F10B1A91255FCD3900DEBFE2 /* Resources */ = {
			isa = PBXResourcesBuildPhase;
			buildActionMask = 2147483647;
			files = (
				26D711122587675C00BF1E47 /* ver2_3-1-2.gif in Resources */,
				26D7116225877B0F00BF1E47 /* sinnyeom_6.tiff in Resources */,
				26D710832587525900BF1E47 /* 0-1-1.gif in Resources */,
				26D7106D258750E500BF1E47 /* 0-4.tiff in Resources */,
				26D711152587675C00BF1E47 /* ver2_3-3-1.gif in Resources */,
				F10B1AA3255FCD3C00DEBFE2 /* LaunchScreen.storyboard in Resources */,
				26D710FC258761AF00BF1E47 /* 1-4.gif in Resources */,
				26D7110A258761AF00BF1E47 /* 1-41-B.gif in Resources */,
				26D710F8258761AF00BF1E47 /* 1-58-A.gif in Resources */,
				26D711BA25878F8900BF1E47 /* 화남1.m4a in Resources */,
				26D7116E25877C3F00BF1E47 /* suneung_10.tiff in Resources */,
				26D7106F258750E500BF1E47 /* 0-2.tiff in Resources */,
				26D711132587675C00BF1E47 /* ver2_3-4-1.gif in Resources */,
				26D7115725877AC300BF1E47 /* sinnyeom_7.gif in Resources */,
				26D710D82587617B00BF1E47 /* 2-3-0-17-2-1.gif in Resources */,
				26D711242587677400BF1E47 /* ver1_3-1-2.gif in Resources */,
				26D711C225878F8900BF1E47 /* 당황.m4a in Resources */,
				26D711B525878F8900BF1E47 /* 심장박동.m4a in Resources */,
				26D7114C2587753200BF1E47 /* chosea_6.tiff in Resources */,
				26D710FF258761AF00BF1E47 /* 1-1.gif in Resources */,
				26D711C325878F8900BF1E47 /* 웃음.m4a in Resources */,
				26D710FB258761AF00BF1E47 /* 1-30.gif in Resources */,
				26D711B725878F8900BF1E47 /* 긴장감.m4a in Resources */,
				26D7109725875A7800BF1E47 /* 1-18.tiff in Resources */,
				26D7117925877C4F00BF1E47 /* suneung_3.gif in Resources */,
				26D7109425875A7800BF1E47 /* 1-39-A.tiff in Resources */,
				26D7117125877C3F00BF1E47 /* suneung_2.tiff in Resources */,
				26D71101258761AF00BF1E47 /* 1-19.gif in Resources */,
				26D7116F25877C3F00BF1E47 /* suneung_6.tiff in Resources */,
				26D7106E258750E500BF1E47 /* 0-9.tiff in Resources */,
				26D710D22587617B00BF1E47 /* 2-1-0-1.gif in Resources */,
				26D710DA2587617B00BF1E47 /* 2-4-2-9.gif in Resources */,
				26D71102258761AF00BF1E47 /* 1-61-A.gif in Resources */,
				26D7118E258789CD00BF1E47 /* goso_3.gif in Resources */,
				26D711BB25878F8900BF1E47 /* 가을소리.m4a in Resources */,
				26D7117C25877C4F00BF1E47 /* suneung_5.gif in Resources */,
				26D711BC25878F8900BF1E47 /* 띠용.m4a in Resources */,
				26D7109525875A7800BF1E47 /* 1-27.tiff in Resources */,
				26D71089258754C700BF1E47 /* 1-4.tiff in Resources */,
				26D711B825878F8900BF1E47 /* 휙소리.m4a in Resources */,
				26D7109325875A7800BF1E47 /* 1-19.tiff in Resources */,
				26D710FA258761AF00BF1E47 /* 1-5.gif in Resources */,
				26D7115A25877AC300BF1E47 /* sinnyeom_5.gif in Resources */,
				26D7109625875A7800BF1E47 /* 1-21.tiff in Resources */,
				F10B1AA0255FCD3C00DEBFE2 /* Assets.xcassets in Resources */,
				26D711222587677400BF1E47 /* ver1_3-1-1.gif in Resources */,
				26D7114A2587753200BF1E47 /* chosea_10.tiff in Resources */,
				26D7115825877AC300BF1E47 /* sinnyeom_9.gif in Resources */,
				26D7113C258774D700BF1E47 /* chosea_9.gif in Resources */,
				26D7116325877B0F00BF1E47 /* sinnyeom_8.tiff in Resources */,
				26D711B925878F8900BF1E47 /* 퍽소리.m4a in Resources */,
				26D71141258774D700BF1E47 /* chosea_11.gif in Resources */,
				26D7116D25877C3F00BF1E47 /* suneung_8.tiff in Resources */,
				26D71076258750FC00BF1E47 /* 0-1-1.tiff in Resources */,
				26D71104258761AF00BF1E47 /* 1-33.gif in Resources */,
				26D7109825875A7800BF1E47 /* 1-31.tiff in Resources */,
				26D711C025878F8900BF1E47 /* 카메라 셔터.m4a in Resources */,
				26D711B625878F8900BF1E47 /* 울음2.m4a in Resources */,
				26D711212587677400BF1E47 /* ver1_3-6-1.gif in Resources */,
				26D711BE25878F8900BF1E47 /* 웅성거림.m4a in Resources */,
				26D710F9258761AF00BF1E47 /* 1-23.gif in Resources */,
				F1A1F3C32577EC050024348F /* 0-9.gif in Resources */,
				26D711C425878F8900BF1E47 /* 한숨.m4a in Resources */,
				26D71072258750E500BF1E47 /* 0-6.tiff in Resources */,
				26D7112A2587685100BF1E47 /* 1-41-1-A.gif in Resources */,
				26D711C125878F8900BF1E47 /* 화남2.m4a in Resources */,
				26D7115925877AC300BF1E47 /* sinnyeom_1.gif in Resources */,
				26D7114D2587753200BF1E47 /* chosea_8.tiff in Resources */,
				26D7114B2587753200BF1E47 /* chosea_4.tiff in Resources */,
				26D7111F2587677400BF1E47 /* ver1_3-5-6-1.gif in Resources */,
				26D71186258789B000BF1E47 /* goso_6.tiff in Resources */,
				26D7117A25877C4F00BF1E47 /* suneung_9.gif in Resources */,
				26D711BD25878F8900BF1E47 /* 쿵.m4a in Resources */,
				26D71108258761AF00BF1E47 /* 1-14.gif in Resources */,
				26D710DB2587617B00BF1E47 /* 2-1-0-8.gif in Resources */,
				26D710DF2587617B00BF1E47 /* 2-2-0-1.gif in Resources */,
				26D7113D258774D700BF1E47 /* chosea_7.gif in Resources */,
				26D7115625877AC300BF1E47 /* sinnyeom_3.gif in Resources */,
				26D7118C258789CD00BF1E47 /* goso_5.gif in Resources */,
				26D710D32587617B00BF1E47 /* 2-1-0-14.gif in Resources */,
				26D7118D258789CD00BF1E47 /* goso_1.gif in Resources */,
				26D7106C258750E500BF1E47 /* 0-3.tiff in Resources */,
				26D710E02587617B00BF1E47 /* 2-3-0-3.gif in Resources */,
				26D711492587753200BF1E47 /* chosea_2.tiff in Resources */,
				26D71107258761AF00BF1E47 /* 1-39-B.gif in Resources */,
				26D710DC2587617B00BF1E47 /* 2-3-0-1.gif in Resources */,
				26D7117825877C4F00BF1E47 /* suneung_7.gif in Resources */,
				26D71100258761AF00BF1E47 /* 1-17.gif in Resources */,
				26D710D62587617B00BF1E47 /* 2-3-0-17-1.gif in Resources */,
				26D711BF25878F8900BF1E47 /* 울음1.m4a in Resources */,
				26D71185258789B000BF1E47 /* goso_2.tiff in Resources */,
				26D710FE258761AF00BF1E47 /* 1-29.gif in Resources */,
				26D7116525877B0F00BF1E47 /* sinnyeom_4.tiff in Resources */,
				26D711172587675C00BF1E47 /* ver2_3-1-1.gif in Resources */,
				26D710DD2587617B00BF1E47 /* 2-4-2-11.gif in Resources */,
				26D71106258761AF00BF1E47 /* 1-39-A.gif in Resources */,
				26D710E12587617B00BF1E47 /* 2-3-0-17-2.gif in Resources */,
				269AE9432588B01C00A10C9C /* 2-4-2-20.gif in Resources */,
				26D7109C25875B8900BF1E47 /* 1-5.tiff in Resources */,
				26D710FD258761AF00BF1E47 /* 1-16.gif in Resources */,
				26D71140258774D700BF1E47 /* chosea_5.gif in Resources */,
				26D710D92587617B00BF1E47 /* 2-4-2-13.gif in Resources */,
				26D7117B25877C4F00BF1E47 /* suneung_1.gif in Resources */,
				26D71105258761AF00BF1E47 /* 1-8.gif in Resources */,
				F10B1A9E255FCD3900DEBFE2 /* Main.storyboard in Resources */,
				26D71187258789B000BF1E47 /* goso_4.tiff in Resources */,
				26D711162587675C00BF1E47 /* ver2_3-2-6-1.gif in Resources */,
				26D710D42587617B00BF1E47 /* 2-4-1-2.gif in Resources */,
				26D7116125877B0F00BF1E47 /* sinnyeom_2.tiff in Resources */,
				26D710D52587617B00BF1E47 /* 2-1-0-13.gif in Resources */,
				26D711232587677400BF1E47 /* ver1_3-5-1.gif in Resources */,
				26D71103258761AF00BF1E47 /* 1-41-A.gif in Resources */,
				26D71070258750E500BF1E47 /* 0-7.tiff in Resources */,
				26D7114E2587753200BF1E47 /* chosea_12.tiff in Resources */,
				26D7116425877B0F00BF1E47 /* sinnyeom_10.tiff in Resources */,
				26D7113F258774D700BF1E47 /* chosea_1.gif in Resources */,
				26D711202587677400BF1E47 /* ver1_3-3-4.gif in Resources */,
				26D71071258750E500BF1E47 /* 0-8.tiff in Resources */,
				26D711142587675C00BF1E47 /* ver2_3-4-10-1.gif in Resources */,
				26D7109925875A7800BF1E47 /* 1-33.tiff in Resources */,
				26D71073258750E500BF1E47 /* 0-5.tiff in Resources */,
				26D710822587525900BF1E47 /* 0-1.gif in Resources */,
				26D7117025877C3F00BF1E47 /* suneung_4.tiff in Resources */,
				26D7113E258774D700BF1E47 /* chosea_3.gif in Resources */,
				F1A1F3C12577EC050024348F /* 0-32-B.gif in Resources */,
			);
			runOnlyForDeploymentPostprocessing = 0;
		};
/* End PBXResourcesBuildPhase section */

/* Begin PBXShellScriptBuildPhase section */
		35D78104220D47254195BA8B /* [CP] Embed Pods Frameworks */ = {
			isa = PBXShellScriptBuildPhase;
			buildActionMask = 2147483647;
			files = (
			);
			inputFileListPaths = (
				"${PODS_ROOT}/Target Support Files/Pods-Instell 10/Pods-Instell 10-frameworks-${CONFIGURATION}-input-files.xcfilelist",
			);
			name = "[CP] Embed Pods Frameworks";
			outputFileListPaths = (
				"${PODS_ROOT}/Target Support Files/Pods-Instell 10/Pods-Instell 10-frameworks-${CONFIGURATION}-output-files.xcfilelist",
			);
			runOnlyForDeploymentPostprocessing = 0;
			shellPath = /bin/sh;
			shellScript = "\"${PODS_ROOT}/Target Support Files/Pods-Instell 10/Pods-Instell 10-frameworks.sh\"\n";
			showEnvVarsInLog = 0;
		};
		F7FF688865038C7DD2EB8193 /* [CP] Check Pods Manifest.lock */ = {
			isa = PBXShellScriptBuildPhase;
			buildActionMask = 2147483647;
			files = (
			);
			inputFileListPaths = (
			);
			inputPaths = (
				"${PODS_PODFILE_DIR_PATH}/Podfile.lock",
				"${PODS_ROOT}/Manifest.lock",
			);
			name = "[CP] Check Pods Manifest.lock";
			outputFileListPaths = (
			);
			outputPaths = (
				"$(DERIVED_FILE_DIR)/Pods-Instell 10-checkManifestLockResult.txt",
			);
			runOnlyForDeploymentPostprocessing = 0;
			shellPath = /bin/sh;
			shellScript = "diff \"${PODS_PODFILE_DIR_PATH}/Podfile.lock\" \"${PODS_ROOT}/Manifest.lock\" > /dev/null\nif [ $? != 0 ] ; then\n    # print error to STDERR\n    echo \"error: The sandbox is not in sync with the Podfile.lock. Run 'pod install' or update your CocoaPods installation.\" >&2\n    exit 1\nfi\n# This output is used by Xcode 'outputs' to avoid re-running this script phase.\necho \"SUCCESS\" > \"${SCRIPT_OUTPUT_FILE_0}\"\n";
			showEnvVarsInLog = 0;
		};
/* End PBXShellScriptBuildPhase section */

/* Begin PBXSourcesBuildPhase section */
		F10B1A8F255FCD3900DEBFE2 /* Sources */ = {
			isa = PBXSourcesBuildPhase;
			buildActionMask = 2147483647;
			files = (
				F145C40F257536C6009271D9 /* Phase0.swift in Sources */,
				F10B1A9B255FCD3900DEBFE2 /* InitialViewController.swift in Sources */,
				F145C40C2575331A009271D9 /* Phase1.swift in Sources */,
				26D71133258772EC00BF1E47 /* 순응.swift in Sources */,
				F10B1AAF255FD95800DEBFE2 /* Data.swift in Sources */,
				F10B1AAC255FD75C00DEBFE2 /* DataStructure.swift in Sources */,
				F14C48D0255FDE37002A3468 /* SceneViewController.swift in Sources */,
				F10B1A97255FCD3900DEBFE2 /* AppDelegate.swift in Sources */,
				26D7112D258772D700BF1E47 /* 처세.swift in Sources */,
				26D71130258772E600BF1E47 /* 신념.swift in Sources */,
				F10B1A99255FCD3900DEBFE2 /* SceneDelegate.swift in Sources */,
				F145C415257550A0009271D9 /* Phase3_ver1.swift in Sources */,
				F145C41225754461009271D9 /* Phase2.swift in Sources */,
				F12CE9F4257558CF009226C0 /* Phase3_ver2.swift in Sources */,
				26D7117F258788F300BF1E47 /* 고소.swift in Sources */,
				F14C48D3255FDE43002A3468 /* ChoiceViewController.swift in Sources */,
			);
			runOnlyForDeploymentPostprocessing = 0;
		};
/* End PBXSourcesBuildPhase section */

/* Begin PBXVariantGroup section */
		F10B1A9C255FCD3900DEBFE2 /* Main.storyboard */ = {
			isa = PBXVariantGroup;
			children = (
				F10B1A9D255FCD3900DEBFE2 /* Base */,
			);
			name = Main.storyboard;
			sourceTree = "<group>";
		};
		F10B1AA1255FCD3C00DEBFE2 /* LaunchScreen.storyboard */ = {
			isa = PBXVariantGroup;
			children = (
				F10B1AA2255FCD3C00DEBFE2 /* Base */,
			);
			name = LaunchScreen.storyboard;
			sourceTree = "<group>";
		};
/* End PBXVariantGroup section */

/* Begin XCBuildConfiguration section */
		F10B1AA5255FCD3C00DEBFE2 /* Debug */ = {
			isa = XCBuildConfiguration;
			buildSettings = {
				ALWAYS_SEARCH_USER_PATHS = NO;
				CLANG_ANALYZER_NONNULL = YES;
				CLANG_ANALYZER_NUMBER_OBJECT_CONVERSION = YES_AGGRESSIVE;
				CLANG_CXX_LANGUAGE_STANDARD = "gnu++14";
				CLANG_CXX_LIBRARY = "libc++";
				CLANG_ENABLE_MODULES = YES;
				CLANG_ENABLE_OBJC_ARC = YES;
				CLANG_ENABLE_OBJC_WEAK = YES;
				CLANG_WARN_BLOCK_CAPTURE_AUTORELEASING = YES;
				CLANG_WARN_BOOL_CONVERSION = YES;
				CLANG_WARN_COMMA = YES;
				CLANG_WARN_CONSTANT_CONVERSION = YES;
				CLANG_WARN_DEPRECATED_OBJC_IMPLEMENTATIONS = YES;
				CLANG_WARN_DIRECT_OBJC_ISA_USAGE = YES_ERROR;
				CLANG_WARN_DOCUMENTATION_COMMENTS = YES;
				CLANG_WARN_EMPTY_BODY = YES;
				CLANG_WARN_ENUM_CONVERSION = YES;
				CLANG_WARN_INFINITE_RECURSION = YES;
				CLANG_WARN_INT_CONVERSION = YES;
				CLANG_WARN_NON_LITERAL_NULL_CONVERSION = YES;
				CLANG_WARN_OBJC_IMPLICIT_RETAIN_SELF = YES;
				CLANG_WARN_OBJC_LITERAL_CONVERSION = YES;
				CLANG_WARN_OBJC_ROOT_CLASS = YES_ERROR;
				CLANG_WARN_QUOTED_INCLUDE_IN_FRAMEWORK_HEADER = YES;
				CLANG_WARN_RANGE_LOOP_ANALYSIS = YES;
				CLANG_WARN_STRICT_PROTOTYPES = YES;
				CLANG_WARN_SUSPICIOUS_MOVE = YES;
				CLANG_WARN_UNGUARDED_AVAILABILITY = YES_AGGRESSIVE;
				CLANG_WARN_UNREACHABLE_CODE = YES;
				CLANG_WARN__DUPLICATE_METHOD_MATCH = YES;
				COPY_PHASE_STRIP = NO;
				DEBUG_INFORMATION_FORMAT = dwarf;
				ENABLE_STRICT_OBJC_MSGSEND = YES;
				ENABLE_TESTABILITY = YES;
				GCC_C_LANGUAGE_STANDARD = gnu11;
				GCC_DYNAMIC_NO_PIC = NO;
				GCC_NO_COMMON_BLOCKS = YES;
				GCC_OPTIMIZATION_LEVEL = 0;
				GCC_PREPROCESSOR_DEFINITIONS = (
					"DEBUG=1",
					"$(inherited)",
				);
				GCC_WARN_64_TO_32_BIT_CONVERSION = YES;
				GCC_WARN_ABOUT_RETURN_TYPE = YES_ERROR;
				GCC_WARN_UNDECLARED_SELECTOR = YES;
				GCC_WARN_UNINITIALIZED_AUTOS = YES_AGGRESSIVE;
				GCC_WARN_UNUSED_FUNCTION = YES;
				GCC_WARN_UNUSED_VARIABLE = YES;
				IPHONEOS_DEPLOYMENT_TARGET = 13.0;
				MTL_ENABLE_DEBUG_INFO = INCLUDE_SOURCE;
				MTL_FAST_MATH = YES;
				ONLY_ACTIVE_ARCH = YES;
				SDKROOT = iphoneos;
				SWIFT_ACTIVE_COMPILATION_CONDITIONS = DEBUG;
				SWIFT_OPTIMIZATION_LEVEL = "-Onone";
			};
			name = Debug;
		};
		F10B1AA6255FCD3C00DEBFE2 /* Release */ = {
			isa = XCBuildConfiguration;
			buildSettings = {
				ALWAYS_SEARCH_USER_PATHS = NO;
				CLANG_ANALYZER_NONNULL = YES;
				CLANG_ANALYZER_NUMBER_OBJECT_CONVERSION = YES_AGGRESSIVE;
				CLANG_CXX_LANGUAGE_STANDARD = "gnu++14";
				CLANG_CXX_LIBRARY = "libc++";
				CLANG_ENABLE_MODULES = YES;
				CLANG_ENABLE_OBJC_ARC = YES;
				CLANG_ENABLE_OBJC_WEAK = YES;
				CLANG_WARN_BLOCK_CAPTURE_AUTORELEASING = YES;
				CLANG_WARN_BOOL_CONVERSION = YES;
				CLANG_WARN_COMMA = YES;
				CLANG_WARN_CONSTANT_CONVERSION = YES;
				CLANG_WARN_DEPRECATED_OBJC_IMPLEMENTATIONS = YES;
				CLANG_WARN_DIRECT_OBJC_ISA_USAGE = YES_ERROR;
				CLANG_WARN_DOCUMENTATION_COMMENTS = YES;
				CLANG_WARN_EMPTY_BODY = YES;
				CLANG_WARN_ENUM_CONVERSION = YES;
				CLANG_WARN_INFINITE_RECURSION = YES;
				CLANG_WARN_INT_CONVERSION = YES;
				CLANG_WARN_NON_LITERAL_NULL_CONVERSION = YES;
				CLANG_WARN_OBJC_IMPLICIT_RETAIN_SELF = YES;
				CLANG_WARN_OBJC_LITERAL_CONVERSION = YES;
				CLANG_WARN_OBJC_ROOT_CLASS = YES_ERROR;
				CLANG_WARN_QUOTED_INCLUDE_IN_FRAMEWORK_HEADER = YES;
				CLANG_WARN_RANGE_LOOP_ANALYSIS = YES;
				CLANG_WARN_STRICT_PROTOTYPES = YES;
				CLANG_WARN_SUSPICIOUS_MOVE = YES;
				CLANG_WARN_UNGUARDED_AVAILABILITY = YES_AGGRESSIVE;
				CLANG_WARN_UNREACHABLE_CODE = YES;
				CLANG_WARN__DUPLICATE_METHOD_MATCH = YES;
				COPY_PHASE_STRIP = NO;
				DEBUG_INFORMATION_FORMAT = "dwarf-with-dsym";
				ENABLE_NS_ASSERTIONS = NO;
				ENABLE_STRICT_OBJC_MSGSEND = YES;
				GCC_C_LANGUAGE_STANDARD = gnu11;
				GCC_NO_COMMON_BLOCKS = YES;
				GCC_WARN_64_TO_32_BIT_CONVERSION = YES;
				GCC_WARN_ABOUT_RETURN_TYPE = YES_ERROR;
				GCC_WARN_UNDECLARED_SELECTOR = YES;
				GCC_WARN_UNINITIALIZED_AUTOS = YES_AGGRESSIVE;
				GCC_WARN_UNUSED_FUNCTION = YES;
				GCC_WARN_UNUSED_VARIABLE = YES;
				IPHONEOS_DEPLOYMENT_TARGET = 13.0;
				MTL_ENABLE_DEBUG_INFO = NO;
				MTL_FAST_MATH = YES;
				SDKROOT = iphoneos;
				SWIFT_COMPILATION_MODE = wholemodule;
				SWIFT_OPTIMIZATION_LEVEL = "-O";
				VALIDATE_PRODUCT = YES;
			};
			name = Release;
		};
		F10B1AA8255FCD3C00DEBFE2 /* Debug */ = {
			isa = XCBuildConfiguration;
			baseConfigurationReference = EA9C260A6DA8864727A5A578 /* Pods-Instell 10.debug.xcconfig */;
			buildSettings = {
				ASSETCATALOG_COMPILER_APPICON_NAME = AppIcon;
				ASSETCATALOG_COMPILER_GLOBAL_ACCENT_COLOR_NAME = AccentColor;
				CODE_SIGN_STYLE = Automatic;
				CURRENT_PROJECT_VERSION = 2;
				DEVELOPMENT_TEAM = CJG8NYLG53;
				INFOPLIST_FILE = "Instell 10/Info.plist";
				IPHONEOS_DEPLOYMENT_TARGET = 13.0;
				LD_RUNPATH_SEARCH_PATHS = (
					"$(inherited)",
					"@executable_path/Frameworks",
				);
				MARKETING_VERSION = 1.01;
				PRODUCT_BUNDLE_IDENTIFIER = isc.snu.instell10;
				PRODUCT_NAME = "$(TARGET_NAME)";
				SWIFT_VERSION = 5.0;
				TARGETED_DEVICE_FAMILY = "1,2";
			};
			name = Debug;
		};
		F10B1AA9255FCD3C00DEBFE2 /* Release */ = {
			isa = XCBuildConfiguration;
			baseConfigurationReference = 168A15A0C14C00AE11493FB2 /* Pods-Instell 10.release.xcconfig */;
			buildSettings = {
				ASSETCATALOG_COMPILER_APPICON_NAME = AppIcon;
				ASSETCATALOG_COMPILER_GLOBAL_ACCENT_COLOR_NAME = AccentColor;
				CODE_SIGN_STYLE = Automatic;
				CURRENT_PROJECT_VERSION = 2;
				DEVELOPMENT_TEAM = CJG8NYLG53;
				INFOPLIST_FILE = "Instell 10/Info.plist";
				IPHONEOS_DEPLOYMENT_TARGET = 13.0;
				LD_RUNPATH_SEARCH_PATHS = (
					"$(inherited)",
					"@executable_path/Frameworks",
				);
				MARKETING_VERSION = 1.01;
				PRODUCT_BUNDLE_IDENTIFIER = isc.snu.instell10;
				PRODUCT_NAME = "$(TARGET_NAME)";
				SWIFT_VERSION = 5.0;
				TARGETED_DEVICE_FAMILY = "1,2";
			};
			name = Release;
		};
/* End XCBuildConfiguration section */

/* Begin XCConfigurationList section */
		F10B1A8E255FCD3900DEBFE2 /* Build configuration list for PBXProject "Instell 10" */ = {
			isa = XCConfigurationList;
			buildConfigurations = (
				F10B1AA5255FCD3C00DEBFE2 /* Debug */,
				F10B1AA6255FCD3C00DEBFE2 /* Release */,
			);
			defaultConfigurationIsVisible = 0;
			defaultConfigurationName = Release;
		};
		F10B1AA7255FCD3C00DEBFE2 /* Build configuration list for PBXNativeTarget "Instell 10" */ = {
			isa = XCConfigurationList;
			buildConfigurations = (
				F10B1AA8255FCD3C00DEBFE2 /* Debug */,
				F10B1AA9255FCD3C00DEBFE2 /* Release */,
			);
			defaultConfigurationIsVisible = 0;
			defaultConfigurationName = Release;
		};
/* End XCConfigurationList section */
	};
	rootObject = F10B1A8B255FCD3900DEBFE2 /* Project object */;
}
